{
    "_meta": {
        "hash": {
            "sha256": "cef5f87ad3952e34f4770e12eb85c4e6299debf2d841b9a617cf4aec7580bea0"
        },
        "pipfile-spec": 6,
        "requires": {
            "python_version": "3.13"
        },
        "sources": [
            {
                "name": "pypi",
                "url": "https://pypi.org/simple",
                "verify_ssl": true
            }
        ]
    },
    "default": {
        "bcrypt": {
            "hashes": [
                "sha256:041fa0155c9004eb98a232d54da05c0b41d4b8e66b6fc3cb71b4b3f6144ba837",
                "sha256:04e56e3fe8308a88b77e0afd20bec516f74aecf391cdd6e374f15cbed32783d6",
                "sha256:1340411a0894b7d3ef562fb233e4b6ed58add185228650942bdc885362f32c17",
                "sha256:533e7f3bcf2f07caee7ad98124fab7499cb3333ba2274f7a36cf1daee7409d99",
                "sha256:6765386e3ab87f569b276988742039baab087b2cdb01e809d74e74503c2faafe",
                "sha256:687cf30e6681eeda39548a93ce9bfbb300e48b4d445a43db4298d2474d2a1e54",
                "sha256:76132c176a6d9953cdc83c296aeaed65e1a708485fd55abf163e0d9f8f16ce0e",
                "sha256:76d3e352b32f4eeb34703370e370997065d28a561e4a18afe4fef07249cb4396",
                "sha256:807261df60a8b1ccd13e6599c779014a362ae4e795f5c59747f60208daddd96d",
                "sha256:89df2aea2c43be1e1fa066df5f86c8ce822ab70a30e4c210968669565c0f4685",
                "sha256:8ad2f4528cbf0febe80e5a3a57d7a74e6635e41af1ea5675282a33d769fba413",
                "sha256:8c458cd103e6c5d1d85cf600e546a639f234964d0228909d8f8dbeebff82d526",
                "sha256:8dbd0747208912b1e4ce730c6725cb56c07ac734b3629b60d4398f082ea718ad",
                "sha256:909faa1027900f2252a9ca5dfebd25fc0ef1417943824783d1c8418dd7d6df4a",
                "sha256:aaa2e285be097050dba798d537b6efd9b698aa88eef52ec98d23dcd6d7cf6fea",
                "sha256:adadd36274510a01f33e6dc08f5824b97c9580583bd4487c564fc4617b328005",
                "sha256:b1ee315739bc8387aa36ff127afc99120ee452924e0df517a8f3e4c0187a0f5f",
                "sha256:b588af02b89d9fad33e5f98f7838bf590d6d692df7153647724a7f20c186f6bf",
                "sha256:b7703ede632dc945ed1172d6f24e9f30f27b1b1a067f32f68bf169c5f08d0425",
                "sha256:c6f5fa3775966cca251848d4d5393ab016b3afed251163c1436fefdec3b02c84",
                "sha256:cde78d385d5e93ece5479a0a87f73cd6fa26b171c786a884f955e165032b262c",
                "sha256:cfdf3d7530c790432046c40cda41dfee8c83e29482e6a604f8930b9930e94139",
                "sha256:e158009a54c4c8bc91d5e0da80920d048f918c61a581f0a63e4e93bb556d362f",
                "sha256:e84e0e6f8e40a242b11bce56c313edc2be121cec3e0ec2d76fce01f6af33c07c",
                "sha256:f85b1ffa09240c89aa2e1ae9f3b1c687104f7b2b9d2098da4e923f1b7082d331"
            ],
            "markers": "python_version >= '3.7'",
            "version": "==4.2.1"
        },
        "cffi": {
            "hashes": [
                "sha256:045d61c734659cc045141be4bae381a41d89b741f795af1dd018bfb532fd0df8",
                "sha256:0984a4925a435b1da406122d4d7968dd861c1385afe3b45ba82b750f229811e2",
                "sha256:0e2b1fac190ae3ebfe37b979cc1ce69c81f4e4fe5746bb401dca63a9062cdaf1",
                "sha256:0f048dcf80db46f0098ccac01132761580d28e28bc0f78ae0d58048063317e15",
                "sha256:1257bdabf294dceb59f5e70c64a3e2f462c30c7ad68092d01bbbfb1c16b1ba36",
                "sha256:1c39c6016c32bc48dd54561950ebd6836e1670f2ae46128f67cf49e789c52824",
                "sha256:1d599671f396c4723d016dbddb72fe8e0397082b0a77a4fab8028923bec050e8",
                "sha256:28b16024becceed8c6dfbc75629e27788d8a3f9030691a1dbf9821a128b22c36",
                "sha256:2bb1a08b8008b281856e5971307cc386a8e9c5b625ac297e853d36da6efe9c17",
                "sha256:30c5e0cb5ae493c04c8b42916e52ca38079f1b235c2f8ae5f4527b963c401caf",
                "sha256:31000ec67d4221a71bd3f67df918b1f88f676f1c3b535a7eb473255fdc0b83fc",
                "sha256:386c8bf53c502fff58903061338ce4f4950cbdcb23e2902d86c0f722b786bbe3",
                "sha256:3edc8d958eb099c634dace3c7e16560ae474aa3803a5df240542b305d14e14ed",
                "sha256:45398b671ac6d70e67da8e4224a065cec6a93541bb7aebe1b198a61b58c7b702",
                "sha256:46bf43160c1a35f7ec506d254e5c890f3c03648a4dbac12d624e4490a7046cd1",
                "sha256:4ceb10419a9adf4460ea14cfd6bc43d08701f0835e979bf821052f1805850fe8",
                "sha256:51392eae71afec0d0c8fb1a53b204dbb3bcabcb3c9b807eedf3e1e6ccf2de903",
                "sha256:5da5719280082ac6bd9aa7becb3938dc9f9cbd57fac7d2871717b1feb0902ab6",
                "sha256:610faea79c43e44c71e1ec53a554553fa22321b65fae24889706c0a84d4ad86d",
                "sha256:636062ea65bd0195bc012fea9321aca499c0504409f413dc88af450b57ffd03b",
                "sha256:6883e737d7d9e4899a8a695e00ec36bd4e5e4f18fabe0aca0efe0a4b44cdb13e",
                "sha256:6b8b4a92e1c65048ff98cfe1f735ef8f1ceb72e3d5f0c25fdb12087a23da22be",
                "sha256:6f17be4345073b0a7b8ea599688f692ac3ef23ce28e5df79c04de519dbc4912c",
                "sha256:706510fe141c86a69c8ddc029c7910003a17353970cff3b904ff0686a5927683",
                "sha256:72e72408cad3d5419375fc87d289076ee319835bdfa2caad331e377589aebba9",
                "sha256:733e99bc2df47476e3848417c5a4540522f234dfd4ef3ab7fafdf555b082ec0c",
                "sha256:7596d6620d3fa590f677e9ee430df2958d2d6d6de2feeae5b20e82c00b76fbf8",
                "sha256:78122be759c3f8a014ce010908ae03364d00a1f81ab5c7f4a7a5120607ea56e1",
                "sha256:805b4371bf7197c329fcb3ead37e710d1bca9da5d583f5073b799d5c5bd1eee4",
                "sha256:85a950a4ac9c359340d5963966e3e0a94a676bd6245a4b55bc43949eee26a655",
                "sha256:8f2cdc858323644ab277e9bb925ad72ae0e67f69e804f4898c070998d50b1a67",
                "sha256:9755e4345d1ec879e3849e62222a18c7174d65a6a92d5b346b1863912168b595",
                "sha256:98e3969bcff97cae1b2def8ba499ea3d6f31ddfdb7635374834cf89a1a08ecf0",
                "sha256:a08d7e755f8ed21095a310a693525137cfe756ce62d066e53f502a83dc550f65",
                "sha256:a1ed2dd2972641495a3ec98445e09766f077aee98a1c896dcb4ad0d303628e41",
                "sha256:a24ed04c8ffd54b0729c07cee15a81d964e6fee0e3d4d342a27b020d22959dc6",
                "sha256:a45e3c6913c5b87b3ff120dcdc03f6131fa0065027d0ed7ee6190736a74cd401",
                "sha256:a9b15d491f3ad5d692e11f6b71f7857e7835eb677955c00cc0aefcd0669adaf6",
                "sha256:ad9413ccdeda48c5afdae7e4fa2192157e991ff761e7ab8fdd8926f40b160cc3",
                "sha256:b2ab587605f4ba0bf81dc0cb08a41bd1c0a5906bd59243d56bad7668a6fc6c16",
                "sha256:b62ce867176a75d03a665bad002af8e6d54644fad99a3c70905c543130e39d93",
                "sha256:c03e868a0b3bc35839ba98e74211ed2b05d2119be4e8a0f224fba9384f1fe02e",
                "sha256:c59d6e989d07460165cc5ad3c61f9fd8f1b4796eacbd81cee78957842b834af4",
                "sha256:c7eac2ef9b63c79431bc4b25f1cd649d7f061a28808cbc6c47b534bd789ef964",
                "sha256:c9c3d058ebabb74db66e431095118094d06abf53284d9c81f27300d0e0d8bc7c",
                "sha256:ca74b8dbe6e8e8263c0ffd60277de77dcee6c837a3d0881d8c1ead7268c9e576",
                "sha256:caaf0640ef5f5517f49bc275eca1406b0ffa6aa184892812030f04c2abf589a0",
                "sha256:cdf5ce3acdfd1661132f2a9c19cac174758dc2352bfe37d98aa7512c6b7178b3",
                "sha256:d016c76bdd850f3c626af19b0542c9677ba156e4ee4fccfdd7848803533ef662",
                "sha256:d01b12eeeb4427d3110de311e1774046ad344f5b1a7403101878976ecd7a10f3",
                "sha256:d63afe322132c194cf832bfec0dc69a99fb9bb6bbd550f161a49e9e855cc78ff",
                "sha256:da95af8214998d77a98cc14e3a3bd00aa191526343078b530ceb0bd710fb48a5",
                "sha256:dd398dbc6773384a17fe0d3e7eeb8d1a21c2200473ee6806bb5e6a8e62bb73dd",
                "sha256:de2ea4b5833625383e464549fec1bc395c1bdeeb5f25c4a3a82b5a8c756ec22f",
                "sha256:de55b766c7aa2e2a3092c51e0483d700341182f08e67c63630d5b6f200bb28e5",
                "sha256:df8b1c11f177bc2313ec4b2d46baec87a5f3e71fc8b45dab2ee7cae86d9aba14",
                "sha256:e03eab0a8677fa80d646b5ddece1cbeaf556c313dcfac435ba11f107ba117b5d",
                "sha256:e221cf152cff04059d011ee126477f0d9588303eb57e88923578ace7baad17f9",
                "sha256:e31ae45bc2e29f6b2abd0de1cc3b9d5205aa847cafaecb8af1476a609a2f6eb7",
                "sha256:edae79245293e15384b51f88b00613ba9f7198016a5948b5dddf4917d4d26382",
                "sha256:f1e22e8c4419538cb197e4dd60acc919d7696e5ef98ee4da4e01d3f8cfa4cc5a",
                "sha256:f3a2b4222ce6b60e2e8b337bb9596923045681d71e5a082783484d845390938e",
                "sha256:f6a16c31041f09ead72d69f583767292f750d24913dadacf5756b966aacb3f1a",
                "sha256:f75c7ab1f9e4aca5414ed4d8e5c0e303a34f4421f8a0d47a4d019ceff0ab6af4",
                "sha256:f79fc4fc25f1c8698ff97788206bb3c2598949bfe0fef03d299eb1b5356ada99",
                "sha256:f7f5baafcc48261359e14bcd6d9bff6d4b28d9103847c9e136694cb0501aef87",
                "sha256:fc48c783f9c87e60831201f2cce7f3b2e4846bf4d8728eabe54d60700b318a0b"
            ],
            "markers": "python_version >= '3.8'",
            "version": "==1.17.1"
        },
        "cryptography": {
            "hashes": [
                "sha256:00918d859aa4e57db8299607086f793fa7813ae2ff5a4637e318a25ef82730f7",
                "sha256:1e8d181e90a777b63f3f0caa836844a1182f1f265687fac2115fcf245f5fbec3",
                "sha256:1f9a92144fa0c877117e9748c74501bea842f93d21ee00b0cf922846d9d0b183",
                "sha256:21377472ca4ada2906bc313168c9dc7b1d7ca417b63c1c3011d0c74b7de9ae69",
                "sha256:24979e9f2040c953a94bf3c6782e67795a4c260734e5264dceea65c8f4bae64a",
                "sha256:2a46a89ad3e6176223b632056f321bc7de36b9f9b93b2cc1cccf935a3849dc62",
                "sha256:322eb03ecc62784536bc173f1483e76747aafeb69c8728df48537eb431cd1911",
                "sha256:436df4f203482f41aad60ed1813811ac4ab102765ecae7a2bbb1dbb66dcff5a7",
                "sha256:4f422e8c6a28cf8b7f883eb790695d6d45b0c385a2583073f3cec434cc705e1a",
                "sha256:53f23339864b617a3dfc2b0ac8d5c432625c80014c25caac9082314e9de56f41",
                "sha256:5fed5cd6102bb4eb843e3315d2bf25fede494509bddadb81e03a859c1bc17b83",
                "sha256:610a83540765a8d8ce0f351ce42e26e53e1f774a6efb71eb1b41eb01d01c3d12",
                "sha256:6c8acf6f3d1f47acb2248ec3ea261171a671f3d9428e34ad0357148d492c7864",
                "sha256:6f76fdd6fd048576a04c5210d53aa04ca34d2ed63336d4abd306d0cbe298fddf",
                "sha256:72198e2b5925155497a5a3e8c216c7fb3e64c16ccee11f0e7da272fa93b35c4c",
                "sha256:887143b9ff6bad2b7570da75a7fe8bbf5f65276365ac259a5d2d5147a73775f2",
                "sha256:888fcc3fce0c888785a4876ca55f9f43787f4c5c1cc1e2e0da71ad481ff82c5b",
                "sha256:8e6a85a93d0642bd774460a86513c5d9d80b5c002ca9693e63f6e540f1815ed0",
                "sha256:94f99f2b943b354a5b6307d7e8d19f5c423a794462bde2bf310c770ba052b1c4",
                "sha256:9b336599e2cb77b1008cb2ac264b290803ec5e8e89d618a5e978ff5eb6f715d9",
                "sha256:a2d8a7045e1ab9b9f803f0d9531ead85f90c5f2859e653b61497228b18452008",
                "sha256:b8272f257cf1cbd3f2e120f14c68bff2b6bdfcc157fafdee84a1b795efd72862",
                "sha256:bf688f615c29bfe9dfc44312ca470989279f0e94bb9f631f85e3459af8efc009",
                "sha256:d9c5b9f698a83c8bd71e0f4d3f9f839ef244798e5ffe96febfa9714717db7af7",
                "sha256:dd7c7e2d71d908dc0f8d2027e1604102140d84b155e658c20e8ad1304317691f",
                "sha256:df978682c1504fc93b3209de21aeabf2375cb1571d4e61907b3e7a2540e83026",
                "sha256:e403f7f766ded778ecdb790da786b418a9f2394f36e8cc8b796cc056ab05f44f",
                "sha256:eb3889330f2a4a148abead555399ec9a32b13b7c8ba969b72d8e500eb7ef84cd",
                "sha256:f4daefc971c2d1f82f03097dc6f216744a6cd2ac0f04c68fb935ea2ba2a0d420",
                "sha256:f51f5705ab27898afda1aaa430f34ad90dc117421057782022edf0600bec5f14",
                "sha256:fd0ee90072861e276b0ff08bd627abec29e32a53b2be44e41dbcdf87cbee2b00"
            ],
            "index": "pypi",
            "markers": "python_version >= '3.7' and python_full_version not in '3.9.0, 3.9.1'",
            "version": "==44.0.1"
        },
        "flexcache": {
            "hashes": [
                "sha256:18743bd5a0621bfe2cf8d519e4c3bfdf57a269c15d1ced3fb4b64e0ff4600656",
                "sha256:d43c9fea82336af6e0115e308d9d33a185390b8346a017564611f1466dcd2e32"
            ],
            "markers": "python_version >= '3.9'",
            "version": "==0.3"
        },
        "flexparser": {
            "hashes": [
                "sha256:266d98905595be2ccc5da964fe0a2c3526fbbffdc45b65b3146d75db992ef6b2",
                "sha256:3738b456192dcb3e15620f324c447721023c0293f6af9955b481e91d00179846"
            ],
            "markers": "python_version >= '3.9'",
            "version": "==0.4"
        },
        "iniconfig": {
            "hashes": [
                "sha256:2d91e135bf72d31a410b17c16da610a82cb55f6b0477d1a902134b24a455b8b3",
                "sha256:b6a85871a79d2e3b22d2d1b94ac2824226a63c6b741c88f7ae975f18b6778374"
            ],
            "markers": "python_version >= '3.7'",
            "version": "==2.0.0"
        },
        "packaging": {
            "hashes": [
                "sha256:048fb0e9405036518eaaf48a55953c750c11e1a1b68e0dd1a9d62ed0c092cfc5",
                "sha256:8c491190033a9af7e1d931d0b5dacc2ef47509b34dd0de67ed209b5203fc88c7"
            ],
            "markers": "python_version >= '3.7'",
            "version": "==23.2"
        },
        "paramiko": {
            "hashes": [
                "sha256:43b9a0501fc2b5e70680388d9346cf252cfb7d00b0667c39e80eb43a408b8f61",
                "sha256:b2c665bc45b2b215bd7d7f039901b14b067da00f3a11e6640995fd58f2664822"
            ],
            "markers": "python_version >= '3.6'",
            "version": "==3.5.1"
        },
        "pint": {
            "hashes": [
                "sha256:35275439b574837a6cd3020a5a4a73645eb125ce4152a73a2f126bf164b91b80",
                "sha256:aa54926c8772159fcf65f82cc0d34de6768c151b32ad1deb0331291c38fe7659"
            ],
            "markers": "python_version >= '3.9'",
            "version": "==0.24.4"
        },
        "platformdirs": {
            "hashes": [
                "sha256:357fb2acbc885b0419afd3ce3ed34564c13c9b95c89360cd9563f73aa5e2b907",
                "sha256:73e575e1408ab8103900836b97580d5307456908a03e92031bab39e4554cc3fb"
            ],
            "markers": "python_version >= '3.8'",
            "version": "==4.3.6"
        },
        "pluggy": {
            "hashes": [
                "sha256:2cffa88e94fdc978c4c574f15f9e59b7f4201d439195c3715ca9e2486f1d0cf1",
                "sha256:44e1ad92c8ca002de6377e165f3e0f1be63266ab4d554740532335b9d75ea669"
            ],
            "markers": "python_version >= '3.8'",
            "version": "==1.5.0"
        },
        "pycparser": {
            "hashes": [
                "sha256:491c8be9c040f5390f5bf44a5b07752bd07f56edf992381b05c701439eec10f6",
                "sha256:c3702b6d3dd8c7abc1afa565d7e63d53a1d0bd86cdc24edd75470f4de499cfcc"
            ],
            "markers": "python_version >= '3.8'",
            "version": "==2.22"
        },
        "pyfrc": {
            "hashes": [
                "sha256:43a1036273756860ce6f11fee24f03657e10bf55cbf526ef336b5abe21201b6d",
                "sha256:89880475c3658430d3e1216a8084cc8bb7e90ca1246240a3a9540e1ebeb44293"
            ],
            "index": "pypi",
            "markers": "python_version >= '3.9'",
            "version": "==2025.0.0"
        },
        "pynacl": {
            "hashes": [
                "sha256:06b8f6fa7f5de8d5d2f7573fe8c863c051225a27b61e6860fd047b1775807858",
                "sha256:0c84947a22519e013607c9be43706dd42513f9e6ae5d39d3613ca1e142fba44d",
                "sha256:20f42270d27e1b6a29f54032090b972d97f0a1b0948cc52392041ef7831fee93",
                "sha256:401002a4aaa07c9414132aaed7f6836ff98f59277a234704ff66878c2ee4a0d1",
                "sha256:52cb72a79269189d4e0dc537556f4740f7f0a9ec41c1322598799b0bdad4ef92",
                "sha256:61f642bf2378713e2c2e1de73444a3778e5f0a38be6fee0fe532fe30060282ff",
                "sha256:8ac7448f09ab85811607bdd21ec2464495ac8b7c66d146bf545b0f08fb9220ba",
                "sha256:a36d4a9dda1f19ce6e03c9a784a2921a4b726b02e1c736600ca9c22029474394",
                "sha256:a422368fc821589c228f4c49438a368831cb5bbc0eab5ebe1d7fac9dded6567b",
                "sha256:e46dae94e34b085175f8abb3b0aaa7da40767865ac82c928eeb9e57e1ea8a543"
            ],
            "markers": "python_version >= '3.6'",
            "version": "==1.5.0"
        },
        "pynetconsole": {
            "hashes": [
                "sha256:3f6b51e3c943e900578ce92a85104d45784ea522863b025816cc7d580bd00069",
                "sha256:a02a9a6538b63ab63ffb480a0e5c1485aa5f393da6a20f780a6b082c971762d5"
            ],
            "markers": "python_version >= '3.6'",
            "version": "==2.0.4"
        },
        "pyntcore": {
            "hashes": [
                "sha256:00f4c4158cf5d2deb1f2d6b76c47a8f7e7b268a3a77845de516e7c954295b139",
                "sha256:044332197117b5189f7a806e6c22aa60f2607e2236b27405365723167d89bb44",
                "sha256:23822fd09ec186e41155495469ac16ea07ad94570bdcc9c16f3f337a8570760e",
                "sha256:3da1063d2cc55f258933db92462c75c9b6904ff4899175caa6deac78796a2a0b",
                "sha256:41cba02e04a472b2bdc068eeb2e1bee2532768ce540e4db04157e9497ac8c248",
                "sha256:4bbc7b1622b4298f4328df1c87c74df38c711431b36271d7680f521bb13f6a42",
                "sha256:6b3131f3945a9008c6a90585b010a1620344aa5b11c054d1a9aa5045e5a2e703",
                "sha256:972a39d45813957e3187bebb543f4c121118ab972f36483fb079a4e6b8a03780",
                "sha256:a0a0a0f4ba44e370096373bf3e724324f54da9261401a7c1a6a40a1a6a895fe6",
                "sha256:aa434073c81d3092e7e71574d6a84005e141e631aa6c4c7f928b6b22255be06b",
                "sha256:bd307c928734d27ba8cf1f9feb299f7a59bf9be9da8cbac00e5e0e90384eccbe",
                "sha256:c0b73c896f98eecf2ccd7082b0d299ad3868bb6b6b124b738720cc98884e2e12",
                "sha256:e1701f35de42f1f4a2f33b1b746ed87f5d390ee535f11de754fc9c73ab391479",
                "sha256:f3974a5da0180b7e2f179da025b74816eb6f32de51513d45cf1d3057453968e9",
                "sha256:f7291d430c74560557e366c4e55c77802d4d32e5e00a887b0a72c5b451a51406"
            ],
            "markers": "python_version >= '3.8'",
            "version": "==2025.2.1.1"
        },
        "pytest": {
            "hashes": [
                "sha256:50e16d954148559c9a74109af1eaf0c945ba2d8f30f0a3d3335edde19788b6f6",
                "sha256:965370d062bce11e73868e0335abac31b4d3de0e82f4007408d242b4f8610761"
            ],
            "markers": "python_version >= '3.8'",
            "version": "==8.3.4"
        },
        "pytest-reraise": {
            "hashes": [
                "sha256:5ab59bd0e2028be095289e6dfc9e36cc0b56936465278f3223e81bea0f2d1c70",
                "sha256:c22430d33b2cc18905959d7af28978e371113fcc6ef67b5fec95efcd80b88c16"
            ],
            "markers": "python_full_version >= '3.6.1' and python_full_version < '4.0.0'",
            "version": "==2.1.2"
        },
        "robotpy": {
            "hashes": [
                "sha256:162ae7cc3ad9f1e0d98a1b8d7dd7cfd9b9dfa06ae1e5b0d7a7a33d83f85538fc",
                "sha256:ba114b6bfea1778a63b150d9c6bc7037e95bbb6c9f2e33d55070920e4a94aae4"
            ],
            "index": "pypi",
            "markers": "python_version < '3.14' and python_version >= '3.9'",
            "version": "==2025.2.1.2"
        },
        "robotpy-cli": {
            "hashes": [
                "sha256:9284035fa67058b33593b1846e13501eda0861fb9d9adce4bd01b101c9f1f26e",
                "sha256:e6519f06856eb0a7ef5f25a57bfc8dcb20635cef84706fb37c0b602d59e33f39"
            ],
            "markers": "python_version >= '3.8'",
            "version": "==2024.0.0"
        },
        "robotpy-hal": {
            "hashes": [
                "sha256:108f1add58295de818caf66484fb4389b3eb815ae2bdf97fe8945af8690ec25b",
                "sha256:1f66c87e63ee3ca782445b54470b48808d0f61199e7087938a3b4390fa3aac31",
                "sha256:2520006095abb56aebb33b31f4765a70a784161e043149e0e556c2990db2faf4",
                "sha256:45e90df4cf7fab9f0a64bd05d6cae7817eeb2e8f9ac857e03eb3676474f8c406",
                "sha256:46aa8c6b0111dfa10a3b60ecba9b74df612a5de24480921ef94d3e677b4442c3",
                "sha256:5bb600e5b9b57e635a3fb5438b26c5dbdfcdc253c592f57048b7edc01014948c",
                "sha256:66d8d7ed71a23a4cefd69b83ae5f312114921def4dbba5af0a17d3104e240a80",
                "sha256:6acd0c5932e118edf930148c33f48c0d7f01f237d13f108a539c7bd51355a7ad",
                "sha256:70fc3aa4e610a3d364f26997b73b14046d92e147213ef657da3cb57d73ccff93",
                "sha256:98bb2f2ba08286433e9d814fb780e8d5d7a61d7fc4582638c94eb56f17410e52",
                "sha256:a84504244318332250e60ccad9d57e4c13c73c0fcbddb6a95d34260faa45f3c6",
                "sha256:b0deb6b02b286f3a56e543f49a9bd8cf8261c01094eef0c851ab1d52bf42624d",
                "sha256:b23a18155903be0941978ed45c17e324f3cd1bcfdd053ff1a10537f8b513475c",
                "sha256:c9deaff79887d1056a5ef76dbe1899208ff752396a91b8d654c3f77731c40453",
                "sha256:d8c0767519c47482cc80df47d0404dfe084083b296bf57ff1ce80f4e9ecfc9a8"
            ],
            "markers": "python_version >= '3.8'",
            "version": "==2025.2.1.1"
        },
        "robotpy-halsim-gui": {
            "hashes": [
                "sha256:018a1b263ccc475413731d71d76e8ead6f69ac2e587db82b94b2072c8b92acfe",
                "sha256:05b39e057167e5b49533735973e2e739944b0116ea42adf1bcba456fdb8732cd",
                "sha256:1deb5dfb892facbffd9b8b119360377f941af7b16e85d35ae5ac46fb46d35a84",
                "sha256:2c6ae106835da3e0aeac352d1921901955e9760dcdf4bd583c358a6c86cb4e61",
                "sha256:3c5a9ae08a3db1060180dcb56bc3efb754db43ea0fa2dc4be72b748800f92b61",
                "sha256:415f5bbad3c86ef54c7e51ceebc7f7524f5778d0f1d2cec03fde743272d42302",
                "sha256:42ab7c8d4b76f73930f8b1fd648a335e66b462fce49aabfeba23bfbbd9d040bb",
                "sha256:600931a3af9c068b7fd42e154e9f76715355894f05f20cfdee03218883d26875",
                "sha256:627a6a166971ec7b446059bafc0d9a4b8583b742326fee527d5967c7af2ca9bf",
                "sha256:9016b17160fe283459ff86f513ebd61a288a8a75c3582732462181d2705f378e",
                "sha256:b44b568b1dc75b9a394fcefef313755d96429d3cccc31b06f0accdd455db570c",
                "sha256:c6d2371be2eba4b1b905fc563c2259749bb30484b4f095603ba236c9aea283e0",
                "sha256:ca450d3dc07160fa10d339d41337c4714ec770b3f2b0438b4db760d1a3f1609c",
                "sha256:cc2b5ebcfb42ae58ee0579516f1d4e311785379fcef5cc224aff687ac57eee7a",
                "sha256:ec06bf1de77e4e6000ec18ddd7657b30a7c8f8e967a4ee2f07b5d314e6d4fba1"
            ],
            "markers": "python_version >= '3.8'",
            "version": "==2025.2.1.1"
        },
        "robotpy-installer": {
            "hashes": [
                "sha256:6ffcfe7db723445b5dc68947f64c7e467e792592093a88f40aea09da46882c2a",
                "sha256:93e6f3d7b65f734f480878bf87089596973da020403dc53be356509967cf0bf6"
            ],
            "markers": "python_version >= '3.9'",
            "version": "==2025.0.3"
        },
        "robotpy-rev": {
            "hashes": [
                "sha256:0bbc1277802782cb3b7912e0a731632811c78131bb4dbd9a06b97c678e739c5f",
                "sha256:1a293ac890d1342bd8d5497d69eadd5da4efd50210abecb9fff436d8f65951e0",
                "sha256:213c478000833e6366c30504948ee959197c9dfe4610ff959b36874487c30782",
                "sha256:2a2ecf959e7ef7fca78d70ece1610f41b8df3aa1b07fa9b5fb8f86e1a028610b",
                "sha256:34a1ad9bc326185e8aa24dc6b2b7f1d6ec0b8b8f085602bb7983886055c596bc",
                "sha256:3c8c2886940c711cfde04afab1bf118231d5696deba7a5c30b34bee8eb13e105",
                "sha256:444ebb53b0a21b770d591b8931a46ae5df1c14831f2ed020a008aa17e28c31eb",
                "sha256:64586dcf51ad156737424b1e9e4dc08e3e0c98d15c53c602e121bbfe0ef234e7",
                "sha256:890c01fe3bd5a5fa8ef43d85053c4f2c1fd06615c37c02f3046ac09b4c897b8d",
                "sha256:8dbe9377b931b7a479a29b948e5db451bd2d88029252e0c9a05287390e05c91f",
                "sha256:b5a0b2053f3dedc6de82dbd07b05c3a19c6ef9c8596361757ee477a36ec9015a",
                "sha256:bf7e1306ddfb01006bd054e686fd414707ce8105cb95af42c0da534897fa9aab",
                "sha256:d5841757cfd428af00ced53563df3a0d6e1ad013aeec8aaa8baa5d5512174e90",
                "sha256:e9ca5f5ac3877fd4239faef432a3e31fe49db93c4a2d8f5bd000b7a5c6d912ed",
                "sha256:ed8bccae2286022de27cf7a2a5cb70292842d906cb3ecb51d79fd2803c8a898f"
            ],
            "index": "pypi",
            "markers": "python_version >= '3.8'",
            "version": "==2025.0.2"
        },
        "robotpy-wpilib-utilities": {
            "hashes": [
                "sha256:11959e0b891f8db41f676c1570c93f51c1f703f565e0f223d743058c50824867",
                "sha256:ee66dde6d45321f0fce0dddb9bb8bc3e0f8111e032462d5d46882832baea974a"
            ],
            "markers": "python_version >= '3.9'",
            "version": "==2025.0.0"
        },
        "robotpy-wpimath": {
            "hashes": [
                "sha256:082d3b456d4414e091d5178a30164ba0cef649ceb7c81fd7300c12fda6e05e12",
                "sha256:0fa74de3199c6eb0a02501c249f48f98e638442f5e61f9f713dac127ed37353c",
                "sha256:1cd92b69ecf18fe35618115c0c98bc9b9391ac8b1d8b95da7861868f5157c952",
                "sha256:223c3b2211bc700ca6cc496a3f0b8171868ed1130e27d0e70dd0385f595944bb",
                "sha256:25bc3f5294ab52759b58e02b28d837fc4dca2456c7b6038b1fcc4438481ba1b7",
                "sha256:2b3acef2467ab93a57f01fb13b3d2d5a61d0900088800aee3b353842d411b90c",
                "sha256:382b0e01f9b263b132a6738e71c5dbb02197fa5f3252fb4dd4adc9c520aaafea",
                "sha256:672dc455d627094f5f3a1082a0798d3c03c4a777b00e8674f4d1276bf11b1c2d",
                "sha256:8139cfb20ba74c68ec963e3b340056990af5e57fa519a8d66960f1b52b1fd52b",
                "sha256:9c4715f155e4b076622cea7d3f5bf28e0ce65945457736b3c0d3b3f4778de8b4",
                "sha256:9fbebd9a1ff69e308c350b144e2bb9744a475f491e8a519be16968b08ffe225b",
                "sha256:c48882b936264e41bf6d763abb6ec0ca9213ca80b8fa81275059e6bafdbb23d7",
                "sha256:cc3c43d578ae971442280c66a8108e0591f60fab7f63447354b38737f2d2c54c",
                "sha256:cfeb4b8142ae7c72a348f1124fa4df3a595c726a379e96c657a512b7f92f4c79",
                "sha256:eda5ccaa6b2df7d916942d2c44d9e0d6063b1611873ac82f34496fac419be962"
            ],
            "markers": "python_version >= '3.8'",
            "version": "==2025.2.1.1"
        },
        "robotpy-wpinet": {
            "hashes": [
                "sha256:0cef08ceb24e87c02d88b2be6c66a0916422286edc48dde13d8ffc480320ae0e",
                "sha256:1103e928c8e7d81862d15aa7f904121efb584470f61a24e9af1d6b36a53c2d18",
                "sha256:1e141c787e9bcc54b16cb1b974470191e829ce458acb4ab9627c951ece07b554",
                "sha256:5decaa24696d996bbac6ed3e5d3e2137608cae05341fdc3adf16201c41eb19a8",
                "sha256:6b411a86fbc00095241ce49072f2b3afa89ed17f2d320912333f5481d43fddaa",
                "sha256:6e7511155c7843f7e74f5e4c52b67a70aa2fefc6447a7861db5a8659e55661a8",
                "sha256:9edc861755a78788df8461f943dab551fb0b3e2ffd20154e27586d2ada910e87",
                "sha256:a2efeeeb8f545bf728c54446989ec858eafe57eb2c0819f755f15190245f0f91",
                "sha256:a8223229d3d89d45189ccf75c54033bc3e80ce6b3b7e90f11fa497c2bc2903cc",
                "sha256:a8befdffe2249181dcf34ae3094ec8b52cdee114e6402cf180bb31acea3abc4b",
                "sha256:d7c61c43180429aad9393eb501f5019199fed77c2e5cb2e2fabeb972aa80664c",
                "sha256:e7f1dd2eceaf5e01fd37cffa24793d1ac613371fb349e02e0e146f7b669adf39",
                "sha256:f1fb113eec3a68ca7ae7bc04456d6305f3a5d868be33d6e221ad2d64c2660760",
                "sha256:f8d78fde1620017d89e94ca8c3d24614f76c6795fab049d3a2aa941d784ba08f",
                "sha256:ff42ef6587a9bddd4d6af5b38913e62d6a27e597e18f877c7e6b713cc05e0f12"
            ],
            "markers": "python_version >= '3.8'",
            "version": "==2025.2.1.1"
        },
        "robotpy-wpiutil": {
            "hashes": [
                "sha256:0b3f446e82a45dc777a9b8a0072fd62d629e0d3b583395ba63c2544d78386fd5",
                "sha256:228b037aa30bb7c5ef5b89b2436cacabb255f9d2bc62ed77f70fca27cfd3035e",
                "sha256:2afb520be0117940e6598e0720d79eeef124c86e3579fb61dd184b94415e3e08",
                "sha256:2f579c1ec4f0e81af46314d08818c5d4d71ea07047282713e21a9aeb113398f6",
                "sha256:4802599c62cc309f5f950a845ba8d876358ebde2945e9b1f593ac262feb1c7d0",
                "sha256:49278771558e158818f1d8e6465232cbb1820f9b312c2f13c399e7ee61b83548",
                "sha256:5c3117c5f9eff3db9976d584c85e8bad838166af7baf935da2edcf151c1871a5",
                "sha256:63f7a89d7ceedb514cda7e06324103e419f79ed2f5769a7c148d1dbe84639083",
                "sha256:774b5e6ccb343333b36ea82e8ad2d165482ccb3f404b8e1553a18d94a20d3093",
                "sha256:835bca758cf989b03acdad99e6560f21d7e47d2c25578606f157e9dc14ae7eea",
                "sha256:866c7f656e95ee08eac6a9eebb124e48060c52d29b10bcba24bc8e0850fa06fc",
                "sha256:ab7ec1a69a2e89a72c736bdf1d797b60fdafb3b4354b26d48800e439f0dcd766",
                "sha256:c33b8324369a601cdbe5b4effe4b6b2d26a6c42af2360436c94482d478bdf50e",
                "sha256:e250d32f6c785319c1fc866f8ec77562df713256116e2c64ee69e17629e9f287",
                "sha256:e62e554dcb087170953e73fdb48fe444d82013768a4a7418abfc56fb4f42d64f"
            ],
            "markers": "python_version >= '3.8'",
            "version": "==2025.2.1.1"
        },
        "tomli": {
            "hashes": [
                "sha256:023aa114dd824ade0100497eb2318602af309e5a55595f76b626d6d9f3b7b0a6",
                "sha256:02abe224de6ae62c19f090f68da4e27b10af2b93213d36cf44e6e1c5abd19fdd",
                "sha256:286f0ca2ffeeb5b9bd4fcc8d6c330534323ec51b2f52da063b11c502da16f30c",
                "sha256:2d0f2fdd22b02c6d81637a3c95f8cd77f995846af7414c5c4b8d0545afa1bc4b",
                "sha256:33580bccab0338d00994d7f16f4c4ec25b776af3ffaac1ed74e0b3fc95e885a8",
                "sha256:400e720fe168c0f8521520190686ef8ef033fb19fc493da09779e592861b78c6",
                "sha256:40741994320b232529c802f8bc86da4e1aa9f413db394617b9a256ae0f9a7f77",
                "sha256:465af0e0875402f1d226519c9904f37254b3045fc5084697cefb9bdde1ff99ff",
                "sha256:4a8f6e44de52d5e6c657c9fe83b562f5f4256d8ebbfe4ff922c495620a7f6cea",
                "sha256:4e340144ad7ae1533cb897d406382b4b6fede8890a03738ff1683af800d54192",
                "sha256:678e4fa69e4575eb77d103de3df8a895e1591b48e740211bd1067378c69e8249",
                "sha256:6972ca9c9cc9f0acaa56a8ca1ff51e7af152a9f87fb64623e31d5c83700080ee",
                "sha256:7fc04e92e1d624a4a63c76474610238576942d6b8950a2d7f908a340494e67e4",
                "sha256:889f80ef92701b9dbb224e49ec87c645ce5df3fa2cc548664eb8a25e03127a98",
                "sha256:8d57ca8095a641b8237d5b079147646153d22552f1c637fd3ba7f4b0b29167a8",
                "sha256:8dd28b3e155b80f4d54beb40a441d366adcfe740969820caf156c019fb5c7ec4",
                "sha256:9316dc65bed1684c9a98ee68759ceaed29d229e985297003e494aa825ebb0281",
                "sha256:a198f10c4d1b1375d7687bc25294306e551bf1abfa4eace6650070a5c1ae2744",
                "sha256:a38aa0308e754b0e3c67e344754dff64999ff9b513e691d0e786265c93583c69",
                "sha256:a92ef1a44547e894e2a17d24e7557a5e85a9e1d0048b0b5e7541f76c5032cb13",
                "sha256:ac065718db92ca818f8d6141b5f66369833d4a80a9d74435a268c52bdfa73140",
                "sha256:b82ebccc8c8a36f2094e969560a1b836758481f3dc360ce9a3277c65f374285e",
                "sha256:c954d2250168d28797dd4e3ac5cf812a406cd5a92674ee4c8f123c889786aa8e",
                "sha256:cb55c73c5f4408779d0cf3eef9f762b9c9f147a77de7b258bef0a5628adc85cc",
                "sha256:cd45e1dc79c835ce60f7404ec8119f2eb06d38b1deba146f07ced3bbc44505ff",
                "sha256:d3f5614314d758649ab2ab3a62d4f2004c825922f9e370b29416484086b264ec",
                "sha256:d920f33822747519673ee656a4b6ac33e382eca9d331c87770faa3eef562aeb2",
                "sha256:db2b95f9de79181805df90bedc5a5ab4c165e6ec3fe99f970d0e302f384ad222",
                "sha256:e59e304978767a54663af13c07b3d1af22ddee3bb2fb0618ca1593e4f593a106",
                "sha256:e85e99945e688e32d5a35c1ff38ed0b3f41f43fad8df0bdf79f72b2ba7bc5272",
                "sha256:ece47d672db52ac607a3d9599a9d48dcb2f2f735c6c2d1f34130085bb12b112a",
                "sha256:f4039b9cbc3048b2416cc57ab3bda989a6fcf9b36cf8937f01a6e731b64f80d7"
            ],
            "markers": "python_version >= '3.8'",
            "version": "==2.2.1"
        },
        "tomlkit": {
            "hashes": [
                "sha256:7a974427f6e119197f670fbbbeae7bef749a6c14e793db934baefc1b5f03efde",
                "sha256:fff5fe59a87295b278abd31bec92c15d9bc4a06885ab12bcea52c71119392e79"
            ],
            "markers": "python_version >= '3.8'",
            "version": "==0.13.2"
        },
        "typing-extensions": {
            "hashes": [
                "sha256:04e5ca0351e0f3f85c6853954072df659d0d13fac324d0072316b67d7794700d",
                "sha256:1a7ead55c7e559dd4dee8856e3a88b41225abfe1ce8df57b7c13915fe121ffb8"
            ],
            "markers": "python_version >= '3.8'",
            "version": "==4.12.2"
        },
        "wpilib": {
            "hashes": [
                "sha256:07b1640ae5d163ecc4eb4d215031257ee18065e6677c9b3d73a47b0c9b0ef837",
                "sha256:13255be58fa2ab119e630b6c88b1f0fff467030b7c00289046ad2c2dea75bbeb",
                "sha256:1786efe4dd62762f525c89682ab3f53ca8e83444a347561a8916f77c2029dddf",
                "sha256:2cd91f52f0959a7d1fca0a70e7d6b14bec681173ac3d8ef4ee085e31f7373631",
                "sha256:66cc532a4bdfd7e1a112d0cd13b0124444b6941f7241e737c2268e8363b8dfb3",
                "sha256:77eaff7b67a1957fd223770f2ba08d68fbb4d8e5643809b23d31a06c63a21474",
                "sha256:7dc0f78680e3932e5dbeea146bc955783291b82f877913b6e4cb62b808358c25",
                "sha256:8d2c9ae5b8e13ec53ed40353baf33e20f2324f2a227cdee5667f0ba7a7a8d73f",
                "sha256:95881014a7030cd2f9d2d6a4de77bcf0cfc66785febb8a9a0b3c35e315f1d1ce",
                "sha256:a241fa23f6b30414ec228ea7550369404cd6defc991698e31f83895cc2d6e1fc",
                "sha256:c266c4dd13fe15a9ee8d1627d2407de40f19b4d1887018843ee0e14f6739d640",
                "sha256:c451f7b5f080ed435cc26ce267457031c491faa08357ecea53eb0ba4dc753f33",
                "sha256:cdb5676cb3fbac80843f29e018fd3759782cdbe2263e94d57b94448b6c57a1aa",
                "sha256:d4496d104f0580a7683cc19b926d5ddb9079643215ab42835ad0d9a29bb9fb18",
                "sha256:fa64a48255158b377138ec72a4c568b1f53a4d529e0b8991ed3d8e77847413aa"
            ],
            "markers": "python_version >= '3.8'",
            "version": "==2025.2.1.1"
        }
    },
    "develop": {
        "astroid": {
            "hashes": [
                "sha256:187ccc0c248bfbba564826c26f070494f7bc964fd286b6d9fff4420e55de828c",
                "sha256:a88c7994f914a4ea8572fac479459f4955eeccc877be3f2d959a33273b0cf40b"
            ],
            "markers": "python_full_version >= '3.9.0'",
            "version": "==3.3.8"
        },
        "black": {
            "hashes": [
                "sha256:030b9759066a4ee5e5aca28c3c77f9c64789cdd4de8ac1df642c40b708be6171",
                "sha256:055e59b198df7ac0b7efca5ad7ff2516bca343276c466be72eb04a3bcc1f82d7",
                "sha256:0e519ecf93120f34243e6b0054db49c00a35f84f195d5bce7e9f5cfc578fc2da",
                "sha256:172b1dbff09f86ce6f4eb8edf9dede08b1fce58ba194c87d7a4f1a5aa2f5b3c2",
                "sha256:1e2978f6df243b155ef5fa7e558a43037c3079093ed5d10fd84c43900f2d8ecc",
                "sha256:33496d5cd1222ad73391352b4ae8da15253c5de89b93a80b3e2c8d9a19ec2666",
                "sha256:3b48735872ec535027d979e8dcb20bf4f70b5ac75a8ea99f127c106a7d7aba9f",
                "sha256:4b60580e829091e6f9238c848ea6750efed72140b91b048770b64e74fe04908b",
                "sha256:759e7ec1e050a15f89b770cefbf91ebee8917aac5c20483bc2d80a6c3a04df32",
                "sha256:8f0b18a02996a836cc9c9c78e5babec10930862827b1b724ddfe98ccf2f2fe4f",
                "sha256:95e8176dae143ba9097f351d174fdaf0ccd29efb414b362ae3fd72bf0f710717",
                "sha256:96c1c7cd856bba8e20094e36e0f948718dc688dba4a9d78c3adde52b9e6c2299",
                "sha256:a1ee0a0c330f7b5130ce0caed9936a904793576ef4d2b98c40835d6a65afa6a0",
                "sha256:a22f402b410566e2d1c950708c77ebf5ebd5d0d88a6a2e87c86d9fb48afa0d18",
                "sha256:a39337598244de4bae26475f77dda852ea00a93bd4c728e09eacd827ec929df0",
                "sha256:afebb7098bfbc70037a053b91ae8437c3857482d3a690fefc03e9ff7aa9a5fd3",
                "sha256:bacabb307dca5ebaf9c118d2d2f6903da0d62c9faa82bd21a33eecc319559355",
                "sha256:bce2e264d59c91e52d8000d507eb20a9aca4a778731a08cfff7e5ac4a4bb7096",
                "sha256:d9e6827d563a2c820772b32ce8a42828dc6790f095f441beef18f96aa6f8294e",
                "sha256:db8ea9917d6f8fc62abd90d944920d95e73c83a5ee3383493e35d271aca872e9",
                "sha256:ea0213189960bda9cf99be5b8c8ce66bb054af5e9e861249cd23471bd7b0b3ba",
                "sha256:f3df5f1bf91d36002b0a75389ca8663510cf0531cca8aa5c1ef695b46d98655f"
            ],
            "index": "pypi",
            "markers": "python_version >= '3.9'",
            "version": "==25.1.0"
        },
        "click": {
            "hashes": [
                "sha256:63c132bbbed01578a06712a2d1f497bb62d9c1c0d329b7903a866228027263b2",
                "sha256:ed53c9d8990d83c2a27deae68e4ee337473f6330c040a31d4225c9574d16096a"
            ],
            "markers": "python_version >= '3.7'",
            "version": "==8.1.8"
        },
        "coverage": {
            "extras": [
                "toml"
            ],
            "hashes": [
                "sha256:05fca8ba6a87aabdd2d30d0b6c838b50510b56cdcfc604d40760dae7153b73d9",
                "sha256:0aa9692b4fdd83a4647eeb7db46410ea1322b5ed94cd1715ef09d1d5922ba87f",
                "sha256:0c807ca74d5a5e64427c8805de15b9ca140bba13572d6d74e262f46f50b13273",
                "sha256:0d7a2bf79378d8fb8afaa994f91bfd8215134f8631d27eba3e0e2c13546ce994",
                "sha256:0f460286cb94036455e703c66988851d970fdfd8acc2a1122ab7f4f904e4029e",
                "sha256:204a8238afe787323a8b47d8be4df89772d5c1e4651b9ffa808552bdf20e1d50",
                "sha256:2396e8116db77789f819d2bc8a7e200232b7a282c66e0ae2d2cd84581a89757e",
                "sha256:254f1a3b1eef5f7ed23ef265eaa89c65c8c5b6b257327c149db1ca9d4a35f25e",
                "sha256:26bcf5c4df41cad1b19c84af71c22cbc9ea9a547fc973f1f2cc9a290002c8b3c",
                "sha256:27c6e64726b307782fa5cbe531e7647aee385a29b2107cd87ba7c0105a5d3853",
                "sha256:299e91b274c5c9cdb64cbdf1b3e4a8fe538a7a86acdd08fae52301b28ba297f8",
                "sha256:2bcfa46d7709b5a7ffe089075799b902020b62e7ee56ebaed2f4bdac04c508d8",
                "sha256:2ccf240eb719789cedbb9fd1338055de2761088202a9a0b73032857e53f612fe",
                "sha256:32ee6d8491fcfc82652a37109f69dee9a830e9379166cb73c16d8dc5c2915165",
                "sha256:3f7b444c42bbc533aaae6b5a2166fd1a797cdb5eb58ee51a92bee1eb94a1e1cb",
                "sha256:457574f4599d2b00f7f637a0700a6422243b3565509457b2dbd3f50703e11f59",
                "sha256:489a01f94aa581dbd961f306e37d75d4ba16104bbfa2b0edb21d29b73be83609",
                "sha256:4bcc276261505d82f0ad426870c3b12cb177752834a633e737ec5ee79bbdff18",
                "sha256:4e0de1e902669dccbf80b0415fb6b43d27edca2fbd48c74da378923b05316098",
                "sha256:4e4630c26b6084c9b3cb53b15bd488f30ceb50b73c35c5ad7871b869cb7365fd",
                "sha256:4eea95ef275de7abaef630c9b2c002ffbc01918b726a39f5a4353916ec72d2f3",
                "sha256:507a20fc863cae1d5720797761b42d2d87a04b3e5aeb682ef3b7332e90598f43",
                "sha256:54a5f0f43950a36312155dae55c505a76cd7f2b12d26abeebbe7a0b36dbc868d",
                "sha256:55b201b97286cf61f5e76063f9e2a1d8d2972fc2fcfd2c1272530172fd28c359",
                "sha256:59af35558ba08b758aec4d56182b222976330ef8d2feacbb93964f576a7e7a90",
                "sha256:5c912978f7fbf47ef99cec50c4401340436d200d41d714c7a4766f377c5b7b78",
                "sha256:656c82b8a0ead8bba147de9a89bda95064874c91a3ed43a00e687f23cc19d53a",
                "sha256:6713ba4b4ebc330f3def51df1d5d38fad60b66720948112f114968feb52d3f99",
                "sha256:675cefc4c06e3b4c876b85bfb7c59c5e2218167bbd4da5075cbe3b5790a28988",
                "sha256:6f93531882a5f68c28090f901b1d135de61b56331bba82028489bc51bdd818d2",
                "sha256:714f942b9c15c3a7a5fe6876ce30af831c2ad4ce902410b7466b662358c852c0",
                "sha256:79109c70cc0882e4d2d002fe69a24aa504dec0cc17169b3c7f41a1d341a73694",
                "sha256:7bbd8c8f1b115b892e34ba66a097b915d3871db7ce0e6b9901f462ff3a975377",
                "sha256:7ed2f37cfce1ce101e6dffdfd1c99e729dd2ffc291d02d3e2d0af8b53d13840d",
                "sha256:7fb105327c8f8f0682e29843e2ff96af9dcbe5bab8eeb4b398c6a33a16d80a23",
                "sha256:89d76815a26197c858f53c7f6a656686ec392b25991f9e409bcef020cd532312",
                "sha256:9a7cfb50515f87f7ed30bc882f68812fd98bc2852957df69f3003d22a2aa0abf",
                "sha256:9e1747bab246d6ff2c4f28b4d186b205adced9f7bd9dc362051cc37c4a0c7bd6",
                "sha256:9e80eba8801c386f72e0712a0453431259c45c3249f0009aff537a517b52942b",
                "sha256:a01ec4af7dfeb96ff0078ad9a48810bb0cc8abcb0115180c6013a6b26237626c",
                "sha256:a372c89c939d57abe09e08c0578c1d212e7a678135d53aa16eec4430adc5e690",
                "sha256:a3b204c11e2b2d883946fe1d97f89403aa1811df28ce0447439178cc7463448a",
                "sha256:a534738b47b0de1995f85f582d983d94031dffb48ab86c95bdf88dc62212142f",
                "sha256:a5e37dc41d57ceba70956fa2fc5b63c26dba863c946ace9705f8eca99daecdc4",
                "sha256:aa744da1820678b475e4ba3dfd994c321c5b13381d1041fe9c608620e6676e25",
                "sha256:ab32947f481f7e8c763fa2c92fd9f44eeb143e7610c4ca9ecd6a36adab4081bd",
                "sha256:abb02e2f5a3187b2ac4cd46b8ced85a0858230b577ccb2c62c81482ca7d18852",
                "sha256:b330368cb99ef72fcd2dc3ed260adf67b31499584dc8a20225e85bfe6f6cfed0",
                "sha256:bc67deb76bc3717f22e765ab3e07ee9c7a5e26b9019ca19a3b063d9f4b874244",
                "sha256:c0b1818063dc9e9d838c09e3a473c1422f517889436dd980f5d721899e66f315",
                "sha256:c56e097019e72c373bae32d946ecf9858fda841e48d82df7e81c63ac25554078",
                "sha256:c7827a5bc7bdb197b9e066cdf650b2887597ad124dd99777332776f7b7c7d0d0",
                "sha256:ccc2b70a7ed475c68ceb548bf69cec1e27305c1c2606a5eb7c3afff56a1b3b27",
                "sha256:d37a84878285b903c0fe21ac8794c6dab58150e9359f1aaebbeddd6412d53132",
                "sha256:e2f0280519e42b0a17550072861e0bc8a80a0870de260f9796157d3fca2733c5",
                "sha256:e4ae5ac5e0d1e4edfc9b4b57b4cbecd5bc266a6915c500f358817a8496739247",
                "sha256:e67926f51821b8e9deb6426ff3164870976fe414d033ad90ea75e7ed0c2e5022",
                "sha256:e78b270eadb5702938c3dbe9367f878249b5ef9a2fcc5360ac7bff694310d17b",
                "sha256:ea3c8f04b3e4af80e17bab607c386a830ffc2fb88a5484e1df756478cf70d1d3",
                "sha256:ec22b5e7fe7a0fa8509181c4aac1db48f3dd4d3a566131b313d1efc102892c18",
                "sha256:f4f620668dbc6f5e909a0946a877310fb3d57aea8198bde792aae369ee1c23b5",
                "sha256:fd34e7b3405f0cc7ab03d54a334c17a9e802897580d964bd8c2001f4b9fd488f"
            ],
            "markers": "python_version >= '3.9'",
            "version": "==7.6.10"
        },
        "dill": {
            "hashes": [
                "sha256:468dff3b89520b474c0397703366b7b95eebe6303f108adf9b19da1f702be87a",
                "sha256:81aa267dddf68cbfe8029c42ca9ec6a4ab3b22371d1c450abc54422577b4512c"
            ],
            "markers": "python_version >= '3.8'",
            "version": "==0.3.9"
        },
        "iniconfig": {
            "hashes": [
                "sha256:2d91e135bf72d31a410b17c16da610a82cb55f6b0477d1a902134b24a455b8b3",
                "sha256:b6a85871a79d2e3b22d2d1b94ac2824226a63c6b741c88f7ae975f18b6778374"
            ],
            "markers": "python_version >= '3.7'",
            "version": "==2.0.0"
        },
        "isort": {
            "hashes": [
                "sha256:567954102bb47bb12e0fae62606570faacddd441e45683968c8d1734fb1af892",
                "sha256:75d9d8a1438a9432a7d7b54f2d3b45cad9a4a0fdba43617d9873379704a8bdf1"
            ],
            "markers": "python_full_version >= '3.9.0'",
            "version": "==6.0.0"
        },
        "mccabe": {
            "hashes": [
                "sha256:348e0240c33b60bbdf4e523192ef919f28cb2c3d7d5c7794f74009290f236325",
                "sha256:6c2d30ab6be0e4a46919781807b4f0d834ebdd6c6e3dca0bda5a15f863427b6e"
            ],
            "markers": "python_version >= '3.6'",
            "version": "==0.7.0"
        },
        "mypy-extensions": {
            "hashes": [
                "sha256:4392f6c0eb8a5668a69e23d168ffa70f0be9ccfd32b5cc2d26a34ae5b844552d",
                "sha256:75dbf8955dc00442a438fc4d0666508a9a97b6bd41aa2f0ffe9d2f2725af0782"
            ],
            "markers": "python_version >= '3.5'",
            "version": "==1.0.0"
        },
        "packaging": {
            "hashes": [
                "sha256:048fb0e9405036518eaaf48a55953c750c11e1a1b68e0dd1a9d62ed0c092cfc5",
                "sha256:8c491190033a9af7e1d931d0b5dacc2ef47509b34dd0de67ed209b5203fc88c7"
            ],
            "markers": "python_version >= '3.7'",
            "version": "==23.2"
        },
        "pathspec": {
            "hashes": [
                "sha256:a0d503e138a4c123b27490a4f7beda6a01c6f288df0e4a8b79c7eb0dc7b4cc08",
                "sha256:a482d51503a1ab33b1c67a6c3813a26953dbdc71c31dacaef9a838c4e29f5712"
            ],
            "markers": "python_version >= '3.8'",
            "version": "==0.12.1"
        },
        "platformdirs": {
            "hashes": [
                "sha256:357fb2acbc885b0419afd3ce3ed34564c13c9b95c89360cd9563f73aa5e2b907",
                "sha256:73e575e1408ab8103900836b97580d5307456908a03e92031bab39e4554cc3fb"
            ],
            "markers": "python_version >= '3.8'",
            "version": "==4.3.6"
        },
        "pluggy": {
            "hashes": [
                "sha256:2cffa88e94fdc978c4c574f15f9e59b7f4201d439195c3715ca9e2486f1d0cf1",
                "sha256:44e1ad92c8ca002de6377e165f3e0f1be63266ab4d554740532335b9d75ea669"
            ],
            "markers": "python_version >= '3.8'",
            "version": "==1.5.0"
        },
        "pylint": {
            "hashes": [
                "sha256:289e6a1eb27b453b08436478391a48cd53bb0efb824873f949e709350f3de018",
                "sha256:74ae7a38b177e69a9b525d0794bd8183820bfa7eb68cc1bee6e8ed22a42be4ce"
            ],
            "index": "pypi",
            "markers": "python_full_version >= '3.9.0'",
            "version": "==3.3.4"
        },
        "pytest": {
            "hashes": [
                "sha256:50e16d954148559c9a74109af1eaf0c945ba2d8f30f0a3d3335edde19788b6f6",
                "sha256:965370d062bce11e73868e0335abac31b4d3de0e82f4007408d242b4f8610761"
            ],
            "markers": "python_version >= '3.8'",
            "version": "==8.3.4"
        },
        "pytest-cov": {
            "hashes": [
                "sha256:eee6f1b9e61008bd34975a4d5bab25801eb31898b032dd55addc93e96fcaaa35",
                "sha256:fde0b595ca248bb8e2d76f020b465f3b107c9632e6a1d1705f17834c89dcadc0"
            ],
            "index": "pypi",
            "markers": "python_version >= '3.9'",
            "version": "==6.0.0"
        },
        "tomlkit": {
            "hashes": [
                "sha256:7a974427f6e119197f670fbbbeae7bef749a6c14e793db934baefc1b5f03efde",
                "sha256:fff5fe59a87295b278abd31bec92c15d9bc4a06885ab12bcea52c71119392e79"
            ],
            "markers": "python_version >= '3.8'",
            "version": "==0.13.2"
        }
    }
}
