# This file is automatically @generated by Poetry 2.0.1 and should not be changed by hand.

[[package]]
name = "colorama"
version = "0.4.6"
description = "Cross-platform colored terminal text."
optional = false
python-versions = "!=3.0.*,!=3.1.*,!=3.2.*,!=3.3.*,!=3.4.*,!=3.5.*,!=3.6.*,>=2.7"
groups = ["main"]
markers = "sys_platform == \"win32\""
files = [
    {file = "colorama-0.4.6-py2.py3-none-any.whl", hash = "sha256:4f1d9991f5acc0ca119f9d443620b77f9d6b33703e51011c16baf57afb285fc6"},
    {file = "colorama-0.4.6.tar.gz", hash = "sha256:08695f5cb7ed6e0531a20572697297273c47b8cae5a63ffc6d6ed5c201be6e44"},
]

[[package]]
name = "exceptiongroup"
version = "1.2.2"
description = "Backport of PEP 654 (exception groups)"
optional = false
python-versions = ">=3.7"
groups = ["main"]
markers = "python_version < \"3.11\""
files = [
    {file = "exceptiongroup-1.2.2-py3-none-any.whl", hash = "sha256:3111b9d131c238bec2f8f516e123e14ba243563fb135d3fe885990585aa7795b"},
    {file = "exceptiongroup-1.2.2.tar.gz", hash = "sha256:47c2edf7c6738fafb49fd34290706d1a1a2f4d1c6df275526b62cbb4aa5393cc"},
]

[package.extras]
test = ["pytest (>=6)"]

[[package]]
name = "flake8"
version = "7.1.1"
description = "the modular source code checker: pep8 pyflakes and co"
optional = false
python-versions = ">=3.8.1"
groups = ["main"]
files = [
    {file = "flake8-7.1.1-py2.py3-none-any.whl", hash = "sha256:597477df7860daa5aa0fdd84bf5208a043ab96b8e96ab708770ae0364dd03213"},
    {file = "flake8-7.1.1.tar.gz", hash = "sha256:049d058491e228e03e67b390f311bbf88fce2dbaa8fa673e7aea87b7198b8d38"},
]

[package.dependencies]
mccabe = ">=0.7.0,<0.8.0"
pycodestyle = ">=2.12.0,<2.13.0"
pyflakes = ">=3.2.0,<3.3.0"

[[package]]
name = "iniconfig"
version = "2.0.0"
description = "brain-dead simple config-ini parsing"
optional = false
python-versions = ">=3.7"
groups = ["main"]
files = [
    {file = "iniconfig-2.0.0-py3-none-any.whl", hash = "sha256:b6a85871a79d2e3b22d2d1b94ac2824226a63c6b741c88f7ae975f18b6778374"},
    {file = "iniconfig-2.0.0.tar.gz", hash = "sha256:2d91e135bf72d31a410b17c16da610a82cb55f6b0477d1a902134b24a455b8b3"},
]

[[package]]
name = "mccabe"
version = "0.7.0"
description = "McCabe checker, plugin for flake8"
optional = false
python-versions = ">=3.6"
groups = ["main"]
files = [
    {file = "mccabe-0.7.0-py2.py3-none-any.whl", hash = "sha256:6c2d30ab6be0e4a46919781807b4f0d834ebdd6c6e3dca0bda5a15f863427b6e"},
    {file = "mccabe-0.7.0.tar.gz", hash = "sha256:348e0240c33b60bbdf4e523192ef919f28cb2c3d7d5c7794f74009290f236325"},
]

[[package]]
name = "msvc-runtime"
version = "14.42.34433"
description = "Install the Microsoft™ Visual C++™ runtime DLLs to the sys.prefix and Scripts directories"
optional = false
python-versions = ">=3.5"
groups = ["main"]
markers = "platform_system == \"Windows\""
files = [
    {file = "msvc_runtime-14.42.34433-cp310-cp310-win32.whl", hash = "sha256:7211342b24025fd0294f7920814c5a5dc95a22fd03c8bc729ca980fb21df3f2b"},
    {file = "msvc_runtime-14.42.34433-cp310-cp310-win_amd64.whl", hash = "sha256:89574bc376a48e349f97b6dde289367b0a32dedaf3774ef64ed4330e9823e09c"},
    {file = "msvc_runtime-14.42.34433-cp311-cp311-win32.whl", hash = "sha256:a54c001e058ca22d88c30dc348d06fa704708ca9369464e52ed80b130bb47b4e"},
    {file = "msvc_runtime-14.42.34433-cp311-cp311-win_amd64.whl", hash = "sha256:60ab9e5ca8ef3e230ead1a3db66340628aafc25f0c10d0195ced8f5a2e24883f"},
    {file = "msvc_runtime-14.42.34433-cp311-cp311-win_arm64.whl", hash = "sha256:3a339f6dd8c8830743ef250a46683cb77b40633aaf1e5cf4032753f2c46f5afd"},
    {file = "msvc_runtime-14.42.34433-cp312-cp312-win32.whl", hash = "sha256:791f60e9d8479065c6e9c6b1ae1d31555a6bb41a2e649f705bd96566a79bd1df"},
    {file = "msvc_runtime-14.42.34433-cp312-cp312-win_amd64.whl", hash = "sha256:0f1c2733bf16fee37ab5f48a4c1cdf8f8bd26a945679a111e4219396e89a9049"},
    {file = "msvc_runtime-14.42.34433-cp312-cp312-win_arm64.whl", hash = "sha256:f4ffbb6bdde4870f4995234423a46ac650cc2535c7812605bd457d064a77345e"},
    {file = "msvc_runtime-14.42.34433-cp313-cp313-win32.whl", hash = "sha256:7d1fc5675c3d9769b3f05b9a57156211a053415f0dab938493c2d490c84187a4"},
    {file = "msvc_runtime-14.42.34433-cp313-cp313-win_amd64.whl", hash = "sha256:087e2a7906b953970d93f37ea740605688eff616fa7ad42cc46e15137797e7e6"},
    {file = "msvc_runtime-14.42.34433-cp313-cp313-win_arm64.whl", hash = "sha256:0d873db88d3027e3a9b2abf8b2104af96199a317f940802bce2d234dd4aa915c"},
    {file = "msvc_runtime-14.42.34433-cp39-cp39-win32.whl", hash = "sha256:2adaf04bc5a7290b669fcc404a96750c1c6d8ffb8fe1037c264371bf67bca210"},
    {file = "msvc_runtime-14.42.34433-cp39-cp39-win_amd64.whl", hash = "sha256:d4da7241349e9bf7d79346680f180b29bcc8aff242bd3de075529be71c097271"},
    {file = "msvc_runtime-14.42.34433-pp310-pypy310_pp73-win_amd64.whl", hash = "sha256:e934840ebbef53f51febfacdb4f39965060a818cee3429da9fcfd396c61595cf"},
]

[[package]]
name = "packaging"
version = "24.2"
description = "Core utilities for Python packages"
optional = false
python-versions = ">=3.8"
groups = ["main"]
files = [
    {file = "packaging-24.2-py3-none-any.whl", hash = "sha256:09abb1bccd265c01f4a3aa3f7a7db064b36514d2cba19a2f694fe6150451a759"},
    {file = "packaging-24.2.tar.gz", hash = "sha256:c228a6dc5e932d346bc5739379109d49e8853dd8223571c7c5b55260edc0b97f"},
]

[[package]]
name = "pluggy"
version = "1.5.0"
description = "plugin and hook calling mechanisms for python"
optional = false
python-versions = ">=3.8"
groups = ["main"]
files = [
    {file = "pluggy-1.5.0-py3-none-any.whl", hash = "sha256:44e1ad92c8ca002de6377e165f3e0f1be63266ab4d554740532335b9d75ea669"},
    {file = "pluggy-1.5.0.tar.gz", hash = "sha256:2cffa88e94fdc978c4c574f15f9e59b7f4201d439195c3715ca9e2486f1d0cf1"},
]

[package.extras]
dev = ["pre-commit", "tox"]
testing = ["pytest", "pytest-benchmark"]

[[package]]
name = "pycodestyle"
version = "2.12.1"
description = "Python style guide checker"
optional = false
python-versions = ">=3.8"
groups = ["main"]
files = [
    {file = "pycodestyle-2.12.1-py2.py3-none-any.whl", hash = "sha256:46f0fb92069a7c28ab7bb558f05bfc0110dac69a0cd23c61ea0040283a9d78b3"},
    {file = "pycodestyle-2.12.1.tar.gz", hash = "sha256:6838eae08bbce4f6accd5d5572075c63626a15ee3e6f842df996bf62f6d73521"},
]

[[package]]
name = "pyflakes"
version = "3.2.0"
description = "passive checker of Python programs"
optional = false
python-versions = ">=3.8"
groups = ["main"]
files = [
    {file = "pyflakes-3.2.0-py2.py3-none-any.whl", hash = "sha256:84b5be138a2dfbb40689ca07e2152deb896a65c3a3e24c251c5c62489568074a"},
    {file = "pyflakes-3.2.0.tar.gz", hash = "sha256:1c61603ff154621fb2a9172037d84dca3500def8c8b630657d1701f026f8af3f"},
]

[[package]]
name = "pyntcore"
version = "2025.2.1.1"
description = "Binary wrappers for the FRC ntcore library"
optional = false
python-versions = ">=3.8"
groups = ["main"]
files = [
    {file = "pyntcore-2025.2.1.1-cp310-cp310-macosx_13_0_universal2.whl", hash = "sha256:23822fd09ec186e41155495469ac16ea07ad94570bdcc9c16f3f337a8570760e"},
    {file = "pyntcore-2025.2.1.1-cp310-cp310-manylinux_2_35_x86_64.whl", hash = "sha256:f3974a5da0180b7e2f179da025b74816eb6f32de51513d45cf1d3057453968e9"},
    {file = "pyntcore-2025.2.1.1-cp310-cp310-win_amd64.whl", hash = "sha256:41cba02e04a472b2bdc068eeb2e1bee2532768ce540e4db04157e9497ac8c248"},
    {file = "pyntcore-2025.2.1.1-cp311-cp311-macosx_13_0_universal2.whl", hash = "sha256:00f4c4158cf5d2deb1f2d6b76c47a8f7e7b268a3a77845de516e7c954295b139"},
    {file = "pyntcore-2025.2.1.1-cp311-cp311-manylinux_2_35_x86_64.whl", hash = "sha256:4bbc7b1622b4298f4328df1c87c74df38c711431b36271d7680f521bb13f6a42"},
    {file = "pyntcore-2025.2.1.1-cp311-cp311-win_amd64.whl", hash = "sha256:e1701f35de42f1f4a2f33b1b746ed87f5d390ee535f11de754fc9c73ab391479"},
    {file = "pyntcore-2025.2.1.1-cp312-cp312-macosx_13_0_universal2.whl", hash = "sha256:aa434073c81d3092e7e71574d6a84005e141e631aa6c4c7f928b6b22255be06b"},
    {file = "pyntcore-2025.2.1.1-cp312-cp312-manylinux_2_35_x86_64.whl", hash = "sha256:972a39d45813957e3187bebb543f4c121118ab972f36483fb079a4e6b8a03780"},
    {file = "pyntcore-2025.2.1.1-cp312-cp312-win_amd64.whl", hash = "sha256:a0a0a0f4ba44e370096373bf3e724324f54da9261401a7c1a6a40a1a6a895fe6"},
    {file = "pyntcore-2025.2.1.1-cp313-cp313-macosx_13_0_universal2.whl", hash = "sha256:f7291d430c74560557e366c4e55c77802d4d32e5e00a887b0a72c5b451a51406"},
    {file = "pyntcore-2025.2.1.1-cp313-cp313-manylinux_2_35_x86_64.whl", hash = "sha256:6b3131f3945a9008c6a90585b010a1620344aa5b11c054d1a9aa5045e5a2e703"},
    {file = "pyntcore-2025.2.1.1-cp313-cp313-win_amd64.whl", hash = "sha256:3da1063d2cc55f258933db92462c75c9b6904ff4899175caa6deac78796a2a0b"},
    {file = "pyntcore-2025.2.1.1-cp39-cp39-macosx_13_0_universal2.whl", hash = "sha256:c0b73c896f98eecf2ccd7082b0d299ad3868bb6b6b124b738720cc98884e2e12"},
    {file = "pyntcore-2025.2.1.1-cp39-cp39-manylinux_2_35_x86_64.whl", hash = "sha256:bd307c928734d27ba8cf1f9feb299f7a59bf9be9da8cbac00e5e0e90384eccbe"},
    {file = "pyntcore-2025.2.1.1-cp39-cp39-win_amd64.whl", hash = "sha256:044332197117b5189f7a806e6c22aa60f2607e2236b27405365723167d89bb44"},
]

[package.dependencies]
robotpy-wpinet = "2025.2.1.1"
robotpy-wpiutil = "2025.2.1.1"

[[package]]
name = "pytest"
version = "8.3.4"
description = "pytest: simple powerful testing with Python"
optional = false
python-versions = ">=3.8"
groups = ["main"]
files = [
    {file = "pytest-8.3.4-py3-none-any.whl", hash = "sha256:50e16d954148559c9a74109af1eaf0c945ba2d8f30f0a3d3335edde19788b6f6"},
    {file = "pytest-8.3.4.tar.gz", hash = "sha256:965370d062bce11e73868e0335abac31b4d3de0e82f4007408d242b4f8610761"},
]

[package.dependencies]
colorama = {version = "*", markers = "sys_platform == \"win32\""}
exceptiongroup = {version = ">=1.0.0rc8", markers = "python_version < \"3.11\""}
iniconfig = "*"
packaging = "*"
pluggy = ">=1.5,<2"
tomli = {version = ">=1", markers = "python_version < \"3.11\""}

[package.extras]
dev = ["argcomplete", "attrs (>=19.2)", "hypothesis (>=3.56)", "mock", "pygments (>=2.7.2)", "requests", "setuptools", "xmlschema"]

[[package]]
name = "robotpy-cli"
version = "2024.0.0"
description = ""
optional = false
python-versions = ">=3.8"
groups = ["main"]
files = [
    {file = "robotpy-cli-2024.0.0.tar.gz", hash = "sha256:e6519f06856eb0a7ef5f25a57bfc8dcb20635cef84706fb37c0b602d59e33f39"},
    {file = "robotpy_cli-2024.0.0-py3-none-any.whl", hash = "sha256:9284035fa67058b33593b1846e13501eda0861fb9d9adce4bd01b101c9f1f26e"},
]

[[package]]
name = "robotpy-hal"
version = "2025.2.1.1"
description = "Binary wrapper for FRC HAL"
optional = false
python-versions = ">=3.8"
groups = ["main"]
files = [
    {file = "robotpy_hal-2025.2.1.1-cp310-cp310-macosx_13_0_universal2.whl", hash = "sha256:46aa8c6b0111dfa10a3b60ecba9b74df612a5de24480921ef94d3e677b4442c3"},
    {file = "robotpy_hal-2025.2.1.1-cp310-cp310-manylinux_2_35_x86_64.whl", hash = "sha256:108f1add58295de818caf66484fb4389b3eb815ae2bdf97fe8945af8690ec25b"},
    {file = "robotpy_hal-2025.2.1.1-cp310-cp310-win_amd64.whl", hash = "sha256:c9deaff79887d1056a5ef76dbe1899208ff752396a91b8d654c3f77731c40453"},
    {file = "robotpy_hal-2025.2.1.1-cp311-cp311-macosx_13_0_universal2.whl", hash = "sha256:b0deb6b02b286f3a56e543f49a9bd8cf8261c01094eef0c851ab1d52bf42624d"},
    {file = "robotpy_hal-2025.2.1.1-cp311-cp311-manylinux_2_35_x86_64.whl", hash = "sha256:45e90df4cf7fab9f0a64bd05d6cae7817eeb2e8f9ac857e03eb3676474f8c406"},
    {file = "robotpy_hal-2025.2.1.1-cp311-cp311-win_amd64.whl", hash = "sha256:5bb600e5b9b57e635a3fb5438b26c5dbdfcdc253c592f57048b7edc01014948c"},
    {file = "robotpy_hal-2025.2.1.1-cp312-cp312-macosx_13_0_universal2.whl", hash = "sha256:d8c0767519c47482cc80df47d0404dfe084083b296bf57ff1ce80f4e9ecfc9a8"},
    {file = "robotpy_hal-2025.2.1.1-cp312-cp312-manylinux_2_35_x86_64.whl", hash = "sha256:70fc3aa4e610a3d364f26997b73b14046d92e147213ef657da3cb57d73ccff93"},
    {file = "robotpy_hal-2025.2.1.1-cp312-cp312-win_amd64.whl", hash = "sha256:66d8d7ed71a23a4cefd69b83ae5f312114921def4dbba5af0a17d3104e240a80"},
    {file = "robotpy_hal-2025.2.1.1-cp313-cp313-macosx_13_0_universal2.whl", hash = "sha256:a84504244318332250e60ccad9d57e4c13c73c0fcbddb6a95d34260faa45f3c6"},
    {file = "robotpy_hal-2025.2.1.1-cp313-cp313-manylinux_2_35_x86_64.whl", hash = "sha256:6acd0c5932e118edf930148c33f48c0d7f01f237d13f108a539c7bd51355a7ad"},
    {file = "robotpy_hal-2025.2.1.1-cp313-cp313-win_amd64.whl", hash = "sha256:98bb2f2ba08286433e9d814fb780e8d5d7a61d7fc4582638c94eb56f17410e52"},
    {file = "robotpy_hal-2025.2.1.1-cp39-cp39-macosx_13_0_universal2.whl", hash = "sha256:1f66c87e63ee3ca782445b54470b48808d0f61199e7087938a3b4390fa3aac31"},
    {file = "robotpy_hal-2025.2.1.1-cp39-cp39-manylinux_2_35_x86_64.whl", hash = "sha256:2520006095abb56aebb33b31f4765a70a784161e043149e0e556c2990db2faf4"},
    {file = "robotpy_hal-2025.2.1.1-cp39-cp39-win_amd64.whl", hash = "sha256:b23a18155903be0941978ed45c17e324f3cd1bcfdd053ff1a10537f8b513475c"},
]

[package.dependencies]
robotpy-wpiutil = "2025.2.1.1"

[[package]]
name = "robotpy-rev"
version = "2025.0.2"
description = "REVLib for RobotPy"
optional = false
python-versions = ">=3.8"
groups = ["main"]
files = [
    {file = "robotpy_rev-2025.0.2-cp310-cp310-macosx_13_0_x86_64.whl", hash = "sha256:213c478000833e6366c30504948ee959197c9dfe4610ff959b36874487c30782"},
    {file = "robotpy_rev-2025.0.2-cp310-cp310-manylinux_2_35_x86_64.whl", hash = "sha256:444ebb53b0a21b770d591b8931a46ae5df1c14831f2ed020a008aa17e28c31eb"},
    {file = "robotpy_rev-2025.0.2-cp310-cp310-win_amd64.whl", hash = "sha256:890c01fe3bd5a5fa8ef43d85053c4f2c1fd06615c37c02f3046ac09b4c897b8d"},
    {file = "robotpy_rev-2025.0.2-cp311-cp311-macosx_11_0_universal2.whl", hash = "sha256:bf7e1306ddfb01006bd054e686fd414707ce8105cb95af42c0da534897fa9aab"},
    {file = "robotpy_rev-2025.0.2-cp311-cp311-manylinux_2_35_x86_64.whl", hash = "sha256:b5a0b2053f3dedc6de82dbd07b05c3a19c6ef9c8596361757ee477a36ec9015a"},
    {file = "robotpy_rev-2025.0.2-cp311-cp311-win_amd64.whl", hash = "sha256:3c8c2886940c711cfde04afab1bf118231d5696deba7a5c30b34bee8eb13e105"},
    {file = "robotpy_rev-2025.0.2-cp312-cp312-macosx_11_0_universal2.whl", hash = "sha256:34a1ad9bc326185e8aa24dc6b2b7f1d6ec0b8b8f085602bb7983886055c596bc"},
    {file = "robotpy_rev-2025.0.2-cp312-cp312-manylinux_2_35_x86_64.whl", hash = "sha256:1a293ac890d1342bd8d5497d69eadd5da4efd50210abecb9fff436d8f65951e0"},
    {file = "robotpy_rev-2025.0.2-cp312-cp312-win_amd64.whl", hash = "sha256:ed8bccae2286022de27cf7a2a5cb70292842d906cb3ecb51d79fd2803c8a898f"},
    {file = "robotpy_rev-2025.0.2-cp313-cp313-macosx_11_0_universal2.whl", hash = "sha256:0bbc1277802782cb3b7912e0a731632811c78131bb4dbd9a06b97c678e739c5f"},
    {file = "robotpy_rev-2025.0.2-cp313-cp313-manylinux_2_35_x86_64.whl", hash = "sha256:64586dcf51ad156737424b1e9e4dc08e3e0c98d15c53c602e121bbfe0ef234e7"},
    {file = "robotpy_rev-2025.0.2-cp313-cp313-win_amd64.whl", hash = "sha256:8dbe9377b931b7a479a29b948e5db451bd2d88029252e0c9a05287390e05c91f"},
    {file = "robotpy_rev-2025.0.2-cp39-cp39-macosx_13_0_x86_64.whl", hash = "sha256:e9ca5f5ac3877fd4239faef432a3e31fe49db93c4a2d8f5bd000b7a5c6d912ed"},
    {file = "robotpy_rev-2025.0.2-cp39-cp39-manylinux_2_35_x86_64.whl", hash = "sha256:2a2ecf959e7ef7fca78d70ece1610f41b8df3aa1b07fa9b5fb8f86e1a028610b"},
    {file = "robotpy_rev-2025.0.2-cp39-cp39-win_amd64.whl", hash = "sha256:d5841757cfd428af00ced53563df3a0d6e1ad013aeec8aaa8baa5d5512174e90"},
]

[package.dependencies]
wpilib = ">=2025.2.1,<2026.0.0"

[[package]]
name = "robotpy-wpimath"
version = "2025.2.1.1"
description = "Binary wrapper for FRC WPIMath library"
optional = false
python-versions = ">=3.8"
groups = ["main"]
files = [
    {file = "robotpy_wpimath-2025.2.1.1-cp310-cp310-macosx_13_0_universal2.whl", hash = "sha256:2b3acef2467ab93a57f01fb13b3d2d5a61d0900088800aee3b353842d411b90c"},
    {file = "robotpy_wpimath-2025.2.1.1-cp310-cp310-manylinux_2_35_x86_64.whl", hash = "sha256:672dc455d627094f5f3a1082a0798d3c03c4a777b00e8674f4d1276bf11b1c2d"},
    {file = "robotpy_wpimath-2025.2.1.1-cp310-cp310-win_amd64.whl", hash = "sha256:382b0e01f9b263b132a6738e71c5dbb02197fa5f3252fb4dd4adc9c520aaafea"},
    {file = "robotpy_wpimath-2025.2.1.1-cp311-cp311-macosx_13_0_universal2.whl", hash = "sha256:eda5ccaa6b2df7d916942d2c44d9e0d6063b1611873ac82f34496fac419be962"},
    {file = "robotpy_wpimath-2025.2.1.1-cp311-cp311-manylinux_2_35_x86_64.whl", hash = "sha256:cfeb4b8142ae7c72a348f1124fa4df3a595c726a379e96c657a512b7f92f4c79"},
    {file = "robotpy_wpimath-2025.2.1.1-cp311-cp311-win_amd64.whl", hash = "sha256:9fbebd9a1ff69e308c350b144e2bb9744a475f491e8a519be16968b08ffe225b"},
    {file = "robotpy_wpimath-2025.2.1.1-cp312-cp312-macosx_13_0_universal2.whl", hash = "sha256:1cd92b69ecf18fe35618115c0c98bc9b9391ac8b1d8b95da7861868f5157c952"},
    {file = "robotpy_wpimath-2025.2.1.1-cp312-cp312-manylinux_2_35_x86_64.whl", hash = "sha256:cc3c43d578ae971442280c66a8108e0591f60fab7f63447354b38737f2d2c54c"},
    {file = "robotpy_wpimath-2025.2.1.1-cp312-cp312-win_amd64.whl", hash = "sha256:082d3b456d4414e091d5178a30164ba0cef649ceb7c81fd7300c12fda6e05e12"},
    {file = "robotpy_wpimath-2025.2.1.1-cp313-cp313-macosx_13_0_universal2.whl", hash = "sha256:c48882b936264e41bf6d763abb6ec0ca9213ca80b8fa81275059e6bafdbb23d7"},
    {file = "robotpy_wpimath-2025.2.1.1-cp313-cp313-manylinux_2_35_x86_64.whl", hash = "sha256:0fa74de3199c6eb0a02501c249f48f98e638442f5e61f9f713dac127ed37353c"},
    {file = "robotpy_wpimath-2025.2.1.1-cp313-cp313-win_amd64.whl", hash = "sha256:8139cfb20ba74c68ec963e3b340056990af5e57fa519a8d66960f1b52b1fd52b"},
    {file = "robotpy_wpimath-2025.2.1.1-cp39-cp39-macosx_13_0_universal2.whl", hash = "sha256:223c3b2211bc700ca6cc496a3f0b8171868ed1130e27d0e70dd0385f595944bb"},
    {file = "robotpy_wpimath-2025.2.1.1-cp39-cp39-manylinux_2_35_x86_64.whl", hash = "sha256:9c4715f155e4b076622cea7d3f5bf28e0ce65945457736b3c0d3b3f4778de8b4"},
    {file = "robotpy_wpimath-2025.2.1.1-cp39-cp39-win_amd64.whl", hash = "sha256:25bc3f5294ab52759b58e02b28d837fc4dca2456c7b6038b1fcc4438481ba1b7"},
]

[package.dependencies]
robotpy-wpiutil = "2025.2.1.1"

[[package]]
name = "robotpy-wpinet"
version = "2025.2.1.1"
description = "Binary wrapper for FRC wpinet library"
optional = false
python-versions = ">=3.8"
groups = ["main"]
files = [
    {file = "robotpy_wpinet-2025.2.1.1-cp310-cp310-macosx_13_0_universal2.whl", hash = "sha256:d7c61c43180429aad9393eb501f5019199fed77c2e5cb2e2fabeb972aa80664c"},
    {file = "robotpy_wpinet-2025.2.1.1-cp310-cp310-manylinux_2_35_x86_64.whl", hash = "sha256:f8d78fde1620017d89e94ca8c3d24614f76c6795fab049d3a2aa941d784ba08f"},
    {file = "robotpy_wpinet-2025.2.1.1-cp310-cp310-win_amd64.whl", hash = "sha256:6e7511155c7843f7e74f5e4c52b67a70aa2fefc6447a7861db5a8659e55661a8"},
    {file = "robotpy_wpinet-2025.2.1.1-cp311-cp311-macosx_13_0_universal2.whl", hash = "sha256:a8befdffe2249181dcf34ae3094ec8b52cdee114e6402cf180bb31acea3abc4b"},
    {file = "robotpy_wpinet-2025.2.1.1-cp311-cp311-manylinux_2_35_x86_64.whl", hash = "sha256:a8223229d3d89d45189ccf75c54033bc3e80ce6b3b7e90f11fa497c2bc2903cc"},
    {file = "robotpy_wpinet-2025.2.1.1-cp311-cp311-win_amd64.whl", hash = "sha256:1103e928c8e7d81862d15aa7f904121efb584470f61a24e9af1d6b36a53c2d18"},
    {file = "robotpy_wpinet-2025.2.1.1-cp312-cp312-macosx_13_0_universal2.whl", hash = "sha256:0cef08ceb24e87c02d88b2be6c66a0916422286edc48dde13d8ffc480320ae0e"},
    {file = "robotpy_wpinet-2025.2.1.1-cp312-cp312-manylinux_2_35_x86_64.whl", hash = "sha256:a2efeeeb8f545bf728c54446989ec858eafe57eb2c0819f755f15190245f0f91"},
    {file = "robotpy_wpinet-2025.2.1.1-cp312-cp312-win_amd64.whl", hash = "sha256:ff42ef6587a9bddd4d6af5b38913e62d6a27e597e18f877c7e6b713cc05e0f12"},
    {file = "robotpy_wpinet-2025.2.1.1-cp313-cp313-macosx_13_0_universal2.whl", hash = "sha256:5decaa24696d996bbac6ed3e5d3e2137608cae05341fdc3adf16201c41eb19a8"},
    {file = "robotpy_wpinet-2025.2.1.1-cp313-cp313-manylinux_2_35_x86_64.whl", hash = "sha256:f1fb113eec3a68ca7ae7bc04456d6305f3a5d868be33d6e221ad2d64c2660760"},
    {file = "robotpy_wpinet-2025.2.1.1-cp313-cp313-win_amd64.whl", hash = "sha256:1e141c787e9bcc54b16cb1b974470191e829ce458acb4ab9627c951ece07b554"},
    {file = "robotpy_wpinet-2025.2.1.1-cp39-cp39-macosx_13_0_universal2.whl", hash = "sha256:6b411a86fbc00095241ce49072f2b3afa89ed17f2d320912333f5481d43fddaa"},
    {file = "robotpy_wpinet-2025.2.1.1-cp39-cp39-manylinux_2_35_x86_64.whl", hash = "sha256:9edc861755a78788df8461f943dab551fb0b3e2ffd20154e27586d2ada910e87"},
    {file = "robotpy_wpinet-2025.2.1.1-cp39-cp39-win_amd64.whl", hash = "sha256:e7f1dd2eceaf5e01fd37cffa24793d1ac613371fb349e02e0e146f7b669adf39"},
]

[package.dependencies]
robotpy-wpiutil = "2025.2.1.1"

[[package]]
name = "robotpy-wpiutil"
version = "2025.2.1.1"
description = "Binary wrapper for FRC WPIUtil library"
optional = false
python-versions = ">=3.8"
groups = ["main"]
files = [
    {file = "robotpy_wpiutil-2025.2.1.1-cp310-cp310-macosx_13_0_universal2.whl", hash = "sha256:5c3117c5f9eff3db9976d584c85e8bad838166af7baf935da2edcf151c1871a5"},
    {file = "robotpy_wpiutil-2025.2.1.1-cp310-cp310-manylinux_2_35_x86_64.whl", hash = "sha256:4802599c62cc309f5f950a845ba8d876358ebde2945e9b1f593ac262feb1c7d0"},
    {file = "robotpy_wpiutil-2025.2.1.1-cp310-cp310-win_amd64.whl", hash = "sha256:866c7f656e95ee08eac6a9eebb124e48060c52d29b10bcba24bc8e0850fa06fc"},
    {file = "robotpy_wpiutil-2025.2.1.1-cp311-cp311-macosx_13_0_universal2.whl", hash = "sha256:774b5e6ccb343333b36ea82e8ad2d165482ccb3f404b8e1553a18d94a20d3093"},
    {file = "robotpy_wpiutil-2025.2.1.1-cp311-cp311-manylinux_2_35_x86_64.whl", hash = "sha256:c33b8324369a601cdbe5b4effe4b6b2d26a6c42af2360436c94482d478bdf50e"},
    {file = "robotpy_wpiutil-2025.2.1.1-cp311-cp311-win_amd64.whl", hash = "sha256:e250d32f6c785319c1fc866f8ec77562df713256116e2c64ee69e17629e9f287"},
    {file = "robotpy_wpiutil-2025.2.1.1-cp312-cp312-macosx_13_0_universal2.whl", hash = "sha256:2afb520be0117940e6598e0720d79eeef124c86e3579fb61dd184b94415e3e08"},
    {file = "robotpy_wpiutil-2025.2.1.1-cp312-cp312-manylinux_2_35_x86_64.whl", hash = "sha256:63f7a89d7ceedb514cda7e06324103e419f79ed2f5769a7c148d1dbe84639083"},
    {file = "robotpy_wpiutil-2025.2.1.1-cp312-cp312-win_amd64.whl", hash = "sha256:0b3f446e82a45dc777a9b8a0072fd62d629e0d3b583395ba63c2544d78386fd5"},
    {file = "robotpy_wpiutil-2025.2.1.1-cp313-cp313-macosx_13_0_universal2.whl", hash = "sha256:49278771558e158818f1d8e6465232cbb1820f9b312c2f13c399e7ee61b83548"},
    {file = "robotpy_wpiutil-2025.2.1.1-cp313-cp313-manylinux_2_35_x86_64.whl", hash = "sha256:ab7ec1a69a2e89a72c736bdf1d797b60fdafb3b4354b26d48800e439f0dcd766"},
    {file = "robotpy_wpiutil-2025.2.1.1-cp313-cp313-win_amd64.whl", hash = "sha256:2f579c1ec4f0e81af46314d08818c5d4d71ea07047282713e21a9aeb113398f6"},
    {file = "robotpy_wpiutil-2025.2.1.1-cp39-cp39-macosx_13_0_universal2.whl", hash = "sha256:835bca758cf989b03acdad99e6560f21d7e47d2c25578606f157e9dc14ae7eea"},
    {file = "robotpy_wpiutil-2025.2.1.1-cp39-cp39-manylinux_2_35_x86_64.whl", hash = "sha256:228b037aa30bb7c5ef5b89b2436cacabb255f9d2bc62ed77f70fca27cfd3035e"},
    {file = "robotpy_wpiutil-2025.2.1.1-cp39-cp39-win_amd64.whl", hash = "sha256:e62e554dcb087170953e73fdb48fe444d82013768a4a7418abfc56fb4f42d64f"},
]

[package.dependencies]
msvc-runtime = {version = ">=14.42.34433", markers = "platform_system == \"Windows\""}

[[package]]
name = "tomli"
version = "2.2.1"
description = "A lil' TOML parser"
optional = false
python-versions = ">=3.8"
groups = ["main"]
markers = "python_version < \"3.11\""
files = [
    {file = "tomli-2.2.1-cp311-cp311-macosx_10_9_x86_64.whl", hash = "sha256:678e4fa69e4575eb77d103de3df8a895e1591b48e740211bd1067378c69e8249"},
    {file = "tomli-2.2.1-cp311-cp311-macosx_11_0_arm64.whl", hash = "sha256:023aa114dd824ade0100497eb2318602af309e5a55595f76b626d6d9f3b7b0a6"},
    {file = "tomli-2.2.1-cp311-cp311-manylinux_2_17_aarch64.manylinux2014_aarch64.whl", hash = "sha256:ece47d672db52ac607a3d9599a9d48dcb2f2f735c6c2d1f34130085bb12b112a"},
    {file = "tomli-2.2.1-cp311-cp311-manylinux_2_17_x86_64.manylinux2014_x86_64.whl", hash = "sha256:6972ca9c9cc9f0acaa56a8ca1ff51e7af152a9f87fb64623e31d5c83700080ee"},
    {file = "tomli-2.2.1-cp311-cp311-manylinux_2_5_i686.manylinux1_i686.manylinux_2_17_i686.manylinux2014_i686.whl", hash = "sha256:c954d2250168d28797dd4e3ac5cf812a406cd5a92674ee4c8f123c889786aa8e"},
    {file = "tomli-2.2.1-cp311-cp311-musllinux_1_2_aarch64.whl", hash = "sha256:8dd28b3e155b80f4d54beb40a441d366adcfe740969820caf156c019fb5c7ec4"},
    {file = "tomli-2.2.1-cp311-cp311-musllinux_1_2_i686.whl", hash = "sha256:e59e304978767a54663af13c07b3d1af22ddee3bb2fb0618ca1593e4f593a106"},
    {file = "tomli-2.2.1-cp311-cp311-musllinux_1_2_x86_64.whl", hash = "sha256:33580bccab0338d00994d7f16f4c4ec25b776af3ffaac1ed74e0b3fc95e885a8"},
    {file = "tomli-2.2.1-cp311-cp311-win32.whl", hash = "sha256:465af0e0875402f1d226519c9904f37254b3045fc5084697cefb9bdde1ff99ff"},
    {file = "tomli-2.2.1-cp311-cp311-win_amd64.whl", hash = "sha256:2d0f2fdd22b02c6d81637a3c95f8cd77f995846af7414c5c4b8d0545afa1bc4b"},
    {file = "tomli-2.2.1-cp312-cp312-macosx_10_13_x86_64.whl", hash = "sha256:4a8f6e44de52d5e6c657c9fe83b562f5f4256d8ebbfe4ff922c495620a7f6cea"},
    {file = "tomli-2.2.1-cp312-cp312-macosx_11_0_arm64.whl", hash = "sha256:8d57ca8095a641b8237d5b079147646153d22552f1c637fd3ba7f4b0b29167a8"},
    {file = "tomli-2.2.1-cp312-cp312-manylinux_2_17_aarch64.manylinux2014_aarch64.whl", hash = "sha256:4e340144ad7ae1533cb897d406382b4b6fede8890a03738ff1683af800d54192"},
    {file = "tomli-2.2.1-cp312-cp312-manylinux_2_17_x86_64.manylinux2014_x86_64.whl", hash = "sha256:db2b95f9de79181805df90bedc5a5ab4c165e6ec3fe99f970d0e302f384ad222"},
    {file = "tomli-2.2.1-cp312-cp312-manylinux_2_5_i686.manylinux1_i686.manylinux_2_17_i686.manylinux2014_i686.whl", hash = "sha256:40741994320b232529c802f8bc86da4e1aa9f413db394617b9a256ae0f9a7f77"},
    {file = "tomli-2.2.1-cp312-cp312-musllinux_1_2_aarch64.whl", hash = "sha256:400e720fe168c0f8521520190686ef8ef033fb19fc493da09779e592861b78c6"},
    {file = "tomli-2.2.1-cp312-cp312-musllinux_1_2_i686.whl", hash = "sha256:02abe224de6ae62c19f090f68da4e27b10af2b93213d36cf44e6e1c5abd19fdd"},
    {file = "tomli-2.2.1-cp312-cp312-musllinux_1_2_x86_64.whl", hash = "sha256:b82ebccc8c8a36f2094e969560a1b836758481f3dc360ce9a3277c65f374285e"},
    {file = "tomli-2.2.1-cp312-cp312-win32.whl", hash = "sha256:889f80ef92701b9dbb224e49ec87c645ce5df3fa2cc548664eb8a25e03127a98"},
    {file = "tomli-2.2.1-cp312-cp312-win_amd64.whl", hash = "sha256:7fc04e92e1d624a4a63c76474610238576942d6b8950a2d7f908a340494e67e4"},
    {file = "tomli-2.2.1-cp313-cp313-macosx_10_13_x86_64.whl", hash = "sha256:f4039b9cbc3048b2416cc57ab3bda989a6fcf9b36cf8937f01a6e731b64f80d7"},
    {file = "tomli-2.2.1-cp313-cp313-macosx_11_0_arm64.whl", hash = "sha256:286f0ca2ffeeb5b9bd4fcc8d6c330534323ec51b2f52da063b11c502da16f30c"},
    {file = "tomli-2.2.1-cp313-cp313-manylinux_2_17_aarch64.manylinux2014_aarch64.whl", hash = "sha256:a92ef1a44547e894e2a17d24e7557a5e85a9e1d0048b0b5e7541f76c5032cb13"},
    {file = "tomli-2.2.1-cp313-cp313-manylinux_2_17_x86_64.manylinux2014_x86_64.whl", hash = "sha256:9316dc65bed1684c9a98ee68759ceaed29d229e985297003e494aa825ebb0281"},
    {file = "tomli-2.2.1-cp313-cp313-manylinux_2_5_i686.manylinux1_i686.manylinux_2_17_i686.manylinux2014_i686.whl", hash = "sha256:e85e99945e688e32d5a35c1ff38ed0b3f41f43fad8df0bdf79f72b2ba7bc5272"},
    {file = "tomli-2.2.1-cp313-cp313-musllinux_1_2_aarch64.whl", hash = "sha256:ac065718db92ca818f8d6141b5f66369833d4a80a9d74435a268c52bdfa73140"},
    {file = "tomli-2.2.1-cp313-cp313-musllinux_1_2_i686.whl", hash = "sha256:d920f33822747519673ee656a4b6ac33e382eca9d331c87770faa3eef562aeb2"},
    {file = "tomli-2.2.1-cp313-cp313-musllinux_1_2_x86_64.whl", hash = "sha256:a198f10c4d1b1375d7687bc25294306e551bf1abfa4eace6650070a5c1ae2744"},
    {file = "tomli-2.2.1-cp313-cp313-win32.whl", hash = "sha256:d3f5614314d758649ab2ab3a62d4f2004c825922f9e370b29416484086b264ec"},
    {file = "tomli-2.2.1-cp313-cp313-win_amd64.whl", hash = "sha256:a38aa0308e754b0e3c67e344754dff64999ff9b513e691d0e786265c93583c69"},
    {file = "tomli-2.2.1-py3-none-any.whl", hash = "sha256:cb55c73c5f4408779d0cf3eef9f762b9c9f147a77de7b258bef0a5628adc85cc"},
    {file = "tomli-2.2.1.tar.gz", hash = "sha256:cd45e1dc79c835ce60f7404ec8119f2eb06d38b1deba146f07ced3bbc44505ff"},
]

[[package]]
name = "wpilib"
version = "2025.2.1.1"
description = "Binary wrapper for FRC WPILib"
optional = false
python-versions = ">=3.8"
groups = ["main"]
files = [
    {file = "wpilib-2025.2.1.1-cp310-cp310-macosx_13_0_universal2.whl", hash = "sha256:c451f7b5f080ed435cc26ce267457031c491faa08357ecea53eb0ba4dc753f33"},
    {file = "wpilib-2025.2.1.1-cp310-cp310-manylinux_2_35_x86_64.whl", hash = "sha256:d4496d104f0580a7683cc19b926d5ddb9079643215ab42835ad0d9a29bb9fb18"},
    {file = "wpilib-2025.2.1.1-cp310-cp310-win_amd64.whl", hash = "sha256:7dc0f78680e3932e5dbeea146bc955783291b82f877913b6e4cb62b808358c25"},
    {file = "wpilib-2025.2.1.1-cp311-cp311-macosx_13_0_universal2.whl", hash = "sha256:2cd91f52f0959a7d1fca0a70e7d6b14bec681173ac3d8ef4ee085e31f7373631"},
    {file = "wpilib-2025.2.1.1-cp311-cp311-manylinux_2_35_x86_64.whl", hash = "sha256:13255be58fa2ab119e630b6c88b1f0fff467030b7c00289046ad2c2dea75bbeb"},
    {file = "wpilib-2025.2.1.1-cp311-cp311-win_amd64.whl", hash = "sha256:fa64a48255158b377138ec72a4c568b1f53a4d529e0b8991ed3d8e77847413aa"},
    {file = "wpilib-2025.2.1.1-cp312-cp312-macosx_13_0_universal2.whl", hash = "sha256:07b1640ae5d163ecc4eb4d215031257ee18065e6677c9b3d73a47b0c9b0ef837"},
    {file = "wpilib-2025.2.1.1-cp312-cp312-manylinux_2_35_x86_64.whl", hash = "sha256:66cc532a4bdfd7e1a112d0cd13b0124444b6941f7241e737c2268e8363b8dfb3"},
    {file = "wpilib-2025.2.1.1-cp312-cp312-win_amd64.whl", hash = "sha256:cdb5676cb3fbac80843f29e018fd3759782cdbe2263e94d57b94448b6c57a1aa"},
    {file = "wpilib-2025.2.1.1-cp313-cp313-macosx_13_0_universal2.whl", hash = "sha256:1786efe4dd62762f525c89682ab3f53ca8e83444a347561a8916f77c2029dddf"},
    {file = "wpilib-2025.2.1.1-cp313-cp313-manylinux_2_35_x86_64.whl", hash = "sha256:8d2c9ae5b8e13ec53ed40353baf33e20f2324f2a227cdee5667f0ba7a7a8d73f"},
    {file = "wpilib-2025.2.1.1-cp313-cp313-win_amd64.whl", hash = "sha256:95881014a7030cd2f9d2d6a4de77bcf0cfc66785febb8a9a0b3c35e315f1d1ce"},
    {file = "wpilib-2025.2.1.1-cp39-cp39-macosx_13_0_universal2.whl", hash = "sha256:77eaff7b67a1957fd223770f2ba08d68fbb4d8e5643809b23d31a06c63a21474"},
    {file = "wpilib-2025.2.1.1-cp39-cp39-manylinux_2_35_x86_64.whl", hash = "sha256:a241fa23f6b30414ec228ea7550369404cd6defc991698e31f83895cc2d6e1fc"},
    {file = "wpilib-2025.2.1.1-cp39-cp39-win_amd64.whl", hash = "sha256:c266c4dd13fe15a9ee8d1627d2407de40f19b4d1887018843ee0e14f6739d640"},
]

[package.dependencies]
pyntcore = "2025.2.1.1"
robotpy-cli = ">=2024.0b,<2025.0"
robotpy-hal = "2025.2.1.1"
robotpy-wpimath = "2025.2.1.1"
robotpy-wpiutil = "2025.2.1.1"

[metadata]
lock-version = "2.1"
python-versions = ">= 3.10"
content-hash = "d136fc972b2f84bf73645c247395afcf5d812d731b4ecb83afb7d16f85fd1aa5"
